// !$*UTF8*$!
{
	archiveVersion = 1;
	classes = {
	};
	objectVersion = 51;
	objects = {

/* Begin PBXBuildFile section */
		1BFCFACFDCC1DF898A4BBEAE /* Pods_CaregiverProject.framework in Frameworks */ = {isa = PBXBuildFile; fileRef = 313ADE18372FCB029E4D7D5D /* Pods_CaregiverProject.framework */; };
		2D6F3A3126BEC3E77F70008F /* Pods_CaregiverProject_CaregiverProjectUITests.framework in Frameworks */ = {isa = PBXBuildFile; fileRef = 8127C265ABC15FE38B9E554E /* Pods_CaregiverProject_CaregiverProjectUITests.framework */; };
		7901CC612671DA7E00C29D87 /* FamilyBuilder.swift in Sources */ = {isa = PBXBuildFile; fileRef = AC4672672552DF15002AC45B /* FamilyBuilder.swift */; };
		7901CC622671DACF00C29D87 /* AuthenticationInteractor.swift in Sources */ = {isa = PBXBuildFile; fileRef = E202117B2550B2EC00790DA9 /* AuthenticationInteractor.swift */; };
		7901CC632671DB1F00C29D87 /* LoginView.swift in Sources */ = {isa = PBXBuildFile; fileRef = E2137FB0254F4204007F4F53 /* LoginView.swift */; };
		7901CC642671DB1F00C29D87 /* SceneDelegate.swift in Sources */ = {isa = PBXBuildFile; fileRef = E2137F6E254F3118007F4F53 /* SceneDelegate.swift */; };
		7904B48E255AB4C400D078F5 /* FamilyTreeView.swift in Sources */ = {isa = PBXBuildFile; fileRef = 7904B48D255AB4C400D078F5 /* FamilyTreeView.swift */; };
		7904B499255ABC9D00D078F5 /* FamilyTreeCell.swift in Sources */ = {isa = PBXBuildFile; fileRef = 7904B498255ABC9D00D078F5 /* FamilyTreeCell.swift */; };
		7904B49E255AD74A00D078F5 /* FamilyTreeViewController.swift in Sources */ = {isa = PBXBuildFile; fileRef = 7904B49D255AD74A00D078F5 /* FamilyTreeViewController.swift */; };
		7904B4A3255ADF2800D078F5 /* FamilyTreeDataSource.swift in Sources */ = {isa = PBXBuildFile; fileRef = 7904B4A2255ADF2800D078F5 /* FamilyTreeDataSource.swift */; };
		79146142261458DB00EA9AB5 /* FamilyDataManager.swift in Sources */ = {isa = PBXBuildFile; fileRef = 79146141261458DB00EA9AB5 /* FamilyDataManager.swift */; };
		7914614A26145A1C00EA9AB5 /* Storable.swift in Sources */ = {isa = PBXBuildFile; fileRef = 7914614926145A1C00EA9AB5 /* Storable.swift */; };
		7914614F26145B0C00EA9AB5 /* ImageDecoder.swift in Sources */ = {isa = PBXBuildFile; fileRef = 7914614E26145B0C00EA9AB5 /* ImageDecoder.swift */; };
		7914615726146EDD00EA9AB5 /* DataManager.swift in Sources */ = {isa = PBXBuildFile; fileRef = 7914615626146EDD00EA9AB5 /* DataManager.swift */; };
		79146162261476E700EA9AB5 /* FamilyManageViewModel.swift in Sources */ = {isa = PBXBuildFile; fileRef = 79146161261476E700EA9AB5 /* FamilyManageViewModel.swift */; };
		7914619F2617100100EA9AB5 /* Coordinator.swift in Sources */ = {isa = PBXBuildFile; fileRef = 7914619E2617100100EA9AB5 /* Coordinator.swift */; };
		791461A42617163A00EA9AB5 /* MainCoordinator.swift in Sources */ = {isa = PBXBuildFile; fileRef = 791461A32617163A00EA9AB5 /* MainCoordinator.swift */; };
		791461C326171F4E00EA9AB5 /* AuthenticationCoordinator.swift in Sources */ = {isa = PBXBuildFile; fileRef = 791461C226171F4E00EA9AB5 /* AuthenticationCoordinator.swift */; };
		791461C8261720BA00EA9AB5 /* AuthenticationBuilder.swift in Sources */ = {isa = PBXBuildFile; fileRef = 791461C7261720BA00EA9AB5 /* AuthenticationBuilder.swift */; };
		791461DC2617367800EA9AB5 /* GroupManagementCoordinator.swift in Sources */ = {isa = PBXBuildFile; fileRef = 791461DB2617367800EA9AB5 /* GroupManagementCoordinator.swift */; };
		791461E526173F5400EA9AB5 /* GroupManagementBuilder.swift in Sources */ = {isa = PBXBuildFile; fileRef = 791461E426173F5300EA9AB5 /* GroupManagementBuilder.swift */; };
		7914620526187BF200EA9AB5 /* FamilyCoordinator.swift in Sources */ = {isa = PBXBuildFile; fileRef = 7914620426187BF200EA9AB5 /* FamilyCoordinator.swift */; };
		7914620E26187D3D00EA9AB5 /* CalendarCoodinator.swift in Sources */ = {isa = PBXBuildFile; fileRef = 7914620D26187D3D00EA9AB5 /* CalendarCoodinator.swift */; };
		7914621626187D8D00EA9AB5 /* CalendarBuilder.swift in Sources */ = {isa = PBXBuildFile; fileRef = 7914621526187D8D00EA9AB5 /* CalendarBuilder.swift */; };
		7914621C26187DC600EA9AB5 /* ProfileCoordinator.swift in Sources */ = {isa = PBXBuildFile; fileRef = 7914621B26187DC600EA9AB5 /* ProfileCoordinator.swift */; };
		7914622426187DE700EA9AB5 /* ProfileBuilder.swift in Sources */ = {isa = PBXBuildFile; fileRef = 7914622326187DE700EA9AB5 /* ProfileBuilder.swift */; };
		791462292619BBDD00EA9AB5 /* AppCoordinator.swift in Sources */ = {isa = PBXBuildFile; fileRef = 791462282619BBDD00EA9AB5 /* AppCoordinator.swift */; };
		7933236C255DEA060011FC03 /* Notification+CustomName.swift in Sources */ = {isa = PBXBuildFile; fileRef = 7933236B255DEA060011FC03 /* Notification+CustomName.swift */; };
		793E7395262EF2E400941ED7 /* MainTabBarController.swift in Sources */ = {isa = PBXBuildFile; fileRef = 793E7394262EF2E400941ED7 /* MainTabBarController.swift */; };
		7947621D260F310F0044F1D0 /* FamilyTreeViewModel.swift in Sources */ = {isa = PBXBuildFile; fileRef = 7947621C260F310F0044F1D0 /* FamilyTreeViewModel.swift */; };
		79476233260F6C840044F1D0 /* UIViewController.swift in Sources */ = {isa = PBXBuildFile; fileRef = 79476232260F6C840044F1D0 /* UIViewController.swift */; };
		79476238260F6EDB0044F1D0 /* UIViewControllerPreview.swift in Sources */ = {isa = PBXBuildFile; fileRef = 79476237260F6EDB0044F1D0 /* UIViewControllerPreview.swift */; };
		7965DC12263AA43600BCF951 /* CalendarViewModel.swift in Sources */ = {isa = PBXBuildFile; fileRef = 7965DC11263AA43600BCF951 /* CalendarViewModel.swift */; };
		7965DC18263BDBB600BCF951 /* Wrapper.swift in Sources */ = {isa = PBXBuildFile; fileRef = 7965DC17263BDBB600BCF951 /* Wrapper.swift */; };
		79848F0326309A6500D996B0 /* TextFieldDelegate.swift in Sources */ = {isa = PBXBuildFile; fileRef = 79848F0226309A6500D996B0 /* TextFieldDelegate.swift */; };
		79848F082630A38A00D996B0 /* TableViewDelegate.swift in Sources */ = {isa = PBXBuildFile; fileRef = 79848F072630A38A00D996B0 /* TableViewDelegate.swift */; };
		79848F452633058300D996B0 /* String.swift in Sources */ = {isa = PBXBuildFile; fileRef = 79848F442633058300D996B0 /* String.swift */; };
		79960FC9255C3ECD00A01D85 /* AppUtility.swift in Sources */ = {isa = PBXBuildFile; fileRef = 79960FC8255C3ECD00A01D85 /* AppUtility.swift */; };
		79960FCE255CB71900A01D85 /* FamilyTreeHeaderView.swift in Sources */ = {isa = PBXBuildFile; fileRef = 79960FCD255CB71900A01D85 /* FamilyTreeHeaderView.swift */; };
		79960FE8255D84ED00A01D85 /* FamilyTabBarControllerDelegate.swift in Sources */ = {isa = PBXBuildFile; fileRef = 79960FE7255D84ED00A01D85 /* FamilyTabBarControllerDelegate.swift */; };
		AC0F44D8261E3AA100710BC0 /* TaskCreateView.swift in Sources */ = {isa = PBXBuildFile; fileRef = AC0F44D7261E3AA100710BC0 /* TaskCreateView.swift */; };
		AC0F44E0261E451700710BC0 /* TaskCreateView+DD.swift in Sources */ = {isa = PBXBuildFile; fileRef = AC0F44DF261E451700710BC0 /* TaskCreateView+DD.swift */; };
		AC0F44E5261E45EC00710BC0 /* CreateTaskCell.swift in Sources */ = {isa = PBXBuildFile; fileRef = AC0F44E4261E45EC00710BC0 /* CreateTaskCell.swift */; };
		AC0F44ED261F81E900710BC0 /* ActivityViewModel.swift in Sources */ = {isa = PBXBuildFile; fileRef = AC0F44EC261F81E900710BC0 /* ActivityViewModel.swift */; };
		AC29293C25544E0600C26FE1 /* ManageState.swift in Sources */ = {isa = PBXBuildFile; fileRef = AC29293B25544E0600C26FE1 /* ManageState.swift */; };
		AC3873272552E1CB0084590D /* FamilyManageViewController.swift in Sources */ = {isa = PBXBuildFile; fileRef = AC3873262552E1CB0084590D /* FamilyManageViewController.swift */; };
		AC38732D2552E5580084590D /* FamilyManageView.swift in Sources */ = {isa = PBXBuildFile; fileRef = AC38732C2552E5580084590D /* FamilyManageView.swift */; };
		AC38732F2552E8190084590D /* CRUDOperations.swift in Sources */ = {isa = PBXBuildFile; fileRef = AC38732E2552E8190084590D /* CRUDOperations.swift */; };
		AC3D574E2552D41D0013D470 /* Family.swift in Sources */ = {isa = PBXBuildFile; fileRef = AC3D574D2552D41D0013D470 /* Family.swift */; };
		AC3D57612552D8140013D470 /* Metrics.swift in Sources */ = {isa = PBXBuildFile; fileRef = AC3D57602552D8140013D470 /* Metrics.swift */; };
		AC7C029F2554AD71002FE9DD /* UserSession.swift in Sources */ = {isa = PBXBuildFile; fileRef = AC7C029E2554AD71002FE9DD /* UserSession.swift */; };
		AC9D41B8255AC8EF00925819 /* ProfileView.swift in Sources */ = {isa = PBXBuildFile; fileRef = AC9D41B7255AC8EF00925819 /* ProfileView.swift */; };
		AC9D41BD255AC90400925819 /* ProfileViewModel.swift in Sources */ = {isa = PBXBuildFile; fileRef = AC9D41BC255AC90400925819 /* ProfileViewModel.swift */; };
		AC9D41C7255AC92600925819 /* ProfileModel.swift in Sources */ = {isa = PBXBuildFile; fileRef = AC9D41C6255AC92600925819 /* ProfileModel.swift */; };
		AC9D41CC255ACD5200925819 /* Kinship.swift in Sources */ = {isa = PBXBuildFile; fileRef = AC9D41CB255ACD5200925819 /* Kinship.swift */; };
		AC9D41D3255ACE5A00925819 /* ProfileViewController.swift in Sources */ = {isa = PBXBuildFile; fileRef = AC9D41D2255ACE5A00925819 /* ProfileViewController.swift */; };
		AC9D6243261D1EB600EE730B /* Date.swift in Sources */ = {isa = PBXBuildFile; fileRef = AC9D6242261D1EB600EE730B /* Date.swift */; };
		ACC22E66261B4EEE002A9722 /* ActivityViewController.swift in Sources */ = {isa = PBXBuildFile; fileRef = ACC22E65261B4EEE002A9722 /* ActivityViewController.swift */; };
		ACC22E6B261B5505002A9722 /* ActivityView+DD.swift in Sources */ = {isa = PBXBuildFile; fileRef = ACC22E6A261B5505002A9722 /* ActivityView+DD.swift */; };
		ACEF1C14255425CF00346B67 /* EntityTypes.swift in Sources */ = {isa = PBXBuildFile; fileRef = ACEF1C13255425CF00346B67 /* EntityTypes.swift */; };
		ACF654B1261B469D00A5FAC3 /* ActivityView.swift in Sources */ = {isa = PBXBuildFile; fileRef = ACF654B0261B469D00A5FAC3 /* ActivityView.swift */; };
		ACF654C1261B48CA00A5FAC3 /* Task.swift in Sources */ = {isa = PBXBuildFile; fileRef = ACF654C0261B48CA00A5FAC3 /* Task.swift */; };
		ACF654CA261B497900A5FAC3 /* TaskCell.swift in Sources */ = {isa = PBXBuildFile; fileRef = ACF654C9261B497900A5FAC3 /* TaskCell.swift */; };
		B47535054A304F47969D70C3 /* Pods_CaregiverProjectTests.framework in Frameworks */ = {isa = PBXBuildFile; fileRef = 0430E0E079F774E9BBCDA5F9 /* Pods_CaregiverProjectTests.framework */; };
		DD9D5E6426403474008C532A /* LaunchScreenView.swift in Sources */ = {isa = PBXBuildFile; fileRef = DD9D5E6326403474008C532A /* LaunchScreenView.swift */; };
		DD9D5E74264034E9008C532A /* LaunchScreenController.swift in Sources */ = {isa = PBXBuildFile; fileRef = DD9D5E73264034E9008C532A /* LaunchScreenController.swift */; };
		DD9D5E81264051C5008C532A /* LaunchCoordinator.swift in Sources */ = {isa = PBXBuildFile; fileRef = DD9D5E80264051C5008C532A /* LaunchCoordinator.swift */; };
		E202115825509B7300790DA9 /* StartFamilyView.swift in Sources */ = {isa = PBXBuildFile; fileRef = E202115725509B7300790DA9 /* StartFamilyView.swift */; };
		E20211662550A0E100790DA9 /* RegisterView.swift in Sources */ = {isa = PBXBuildFile; fileRef = E20211652550A0E100790DA9 /* RegisterView.swift */; };
		E202116B2550A21100790DA9 /* RegisterViewController.swift in Sources */ = {isa = PBXBuildFile; fileRef = E202116A2550A21100790DA9 /* RegisterViewController.swift */; };
		E20211772550AC4D00790DA9 /* StartFamilyViewController.swift in Sources */ = {isa = PBXBuildFile; fileRef = E20211762550AC4D00790DA9 /* StartFamilyViewController.swift */; };
		E20211832550B35900790DA9 /* ViewCodeProtocol.swift in Sources */ = {isa = PBXBuildFile; fileRef = E20211822550B35900790DA9 /* ViewCodeProtocol.swift */; };
		E202118E2550B55700790DA9 /* Member.swift in Sources */ = {isa = PBXBuildFile; fileRef = E202118D2550B55700790DA9 /* Member.swift */; };
		E2137F6D254F3118007F4F53 /* AppDelegate.swift in Sources */ = {isa = PBXBuildFile; fileRef = E2137F6C254F3118007F4F53 /* AppDelegate.swift */; };
		E2137F71254F3118007F4F53 /* AuthenticationViewController.swift in Sources */ = {isa = PBXBuildFile; fileRef = E2137F70254F3118007F4F53 /* AuthenticationViewController.swift */; };
		E2137F74254F3118007F4F53 /* Main.storyboard in Resources */ = {isa = PBXBuildFile; fileRef = E2137F72254F3118007F4F53 /* Main.storyboard */; };
		E2137F76254F311A007F4F53 /* Assets.xcassets in Resources */ = {isa = PBXBuildFile; fileRef = E2137F75254F311A007F4F53 /* Assets.xcassets */; };
		E2137F79254F311A007F4F53 /* LaunchScreen.storyboard in Resources */ = {isa = PBXBuildFile; fileRef = E2137F77254F311A007F4F53 /* LaunchScreen.storyboard */; };
		E2137F84254F311A007F4F53 /* CaregiverProjectTests.swift in Sources */ = {isa = PBXBuildFile; fileRef = E2137F83254F311A007F4F53 /* CaregiverProjectTests.swift */; };
		E2137F8F254F311A007F4F53 /* CaregiverProjectUITests.swift in Sources */ = {isa = PBXBuildFile; fileRef = E2137F8E254F311A007F4F53 /* CaregiverProjectUITests.swift */; };
		E2137FAC254F4108007F4F53 /* AuthenticationProtocols.swift in Sources */ = {isa = PBXBuildFile; fileRef = E2137FAB254F4108007F4F53 /* AuthenticationProtocols.swift */; };
		E2137FD5255092E1007F4F53 /* GoogleService-Info.plist in Resources */ = {isa = PBXBuildFile; fileRef = E2137FD4255092E1007F4F53 /* GoogleService-Info.plist */; };
		E2194788255B587A0013E942 /* ImagePickerManager.swift in Sources */ = {isa = PBXBuildFile; fileRef = E2194787255B587A0013E942 /* ImagePickerManager.swift */; };
		E219478D255B592B0013E942 /* StringHelper.swift in Sources */ = {isa = PBXBuildFile; fileRef = E219478C255B592B0013E942 /* StringHelper.swift */; };
		E21DF8F0261350200061AE3A /* ImageConverter.swift in Sources */ = {isa = PBXBuildFile; fileRef = E21DF8EF261350200061AE3A /* ImageConverter.swift */; };
		E21DF90D26152F730061AE3A /* CalendarView.swift in Sources */ = {isa = PBXBuildFile; fileRef = E21DF90C26152F730061AE3A /* CalendarView.swift */; };
		E21DF91226152F840061AE3A /* CalendarViewController.swift in Sources */ = {isa = PBXBuildFile; fileRef = E21DF91126152F840061AE3A /* CalendarViewController.swift */; };
		E21DF91826152FFA0061AE3A /* CustomViewController.swift in Sources */ = {isa = PBXBuildFile; fileRef = E21DF91726152FFA0061AE3A /* CustomViewController.swift */; };
		E21DF9692615445B0061AE3A /* UIView+Extension.swift in Sources */ = {isa = PBXBuildFile; fileRef = E21DF9682615445B0061AE3A /* UIView+Extension.swift */; };
		E21DF9B0261BC2DB0061AE3A /* EventCell.swift in Sources */ = {isa = PBXBuildFile; fileRef = E21DF9AF261BC2DB0061AE3A /* EventCell.swift */; };
		E29E878E2636D3DB00401029 /* NewEventCoordinator.swift in Sources */ = {isa = PBXBuildFile; fileRef = E29E878D2636D3DB00401029 /* NewEventCoordinator.swift */; };
		E29E87932636D42700401029 /* NewEventViewController.swift in Sources */ = {isa = PBXBuildFile; fileRef = E29E87922636D42700401029 /* NewEventViewController.swift */; };
		E29E879B2636D4D100401029 /* NewEventView.swift in Sources */ = {isa = PBXBuildFile; fileRef = E29E879A2636D4D100401029 /* NewEventView.swift */; };
		E29E87A42636D7F700401029 /* CategoryTableViewCell.swift in Sources */ = {isa = PBXBuildFile; fileRef = E29E87A32636D7F700401029 /* CategoryTableViewCell.swift */; };
		E29E87AC263859F900401029 /* TimeTableViewCell.swift in Sources */ = {isa = PBXBuildFile; fileRef = E29E87AB263859F900401029 /* TimeTableViewCell.swift */; };
		E29E87B126385C8C00401029 /* ResponsibleTableViewCell.swift in Sources */ = {isa = PBXBuildFile; fileRef = E29E87B026385C8C00401029 /* ResponsibleTableViewCell.swift */; };
		E29E87B626385D9500401029 /* NotesTableViewCell.swift in Sources */ = {isa = PBXBuildFile; fileRef = E29E87B526385D9500401029 /* NotesTableViewCell.swift */; };
		E29E87BB26388FC500401029 /* TitleTableViewCell.swift in Sources */ = {isa = PBXBuildFile; fileRef = E29E87BA26388FC500401029 /* TitleTableViewCell.swift */; };
		E29E87C0263891A300401029 /* LocalTableViewCell.swift in Sources */ = {isa = PBXBuildFile; fileRef = E29E87BF263891A300401029 /* LocalTableViewCell.swift */; };
		E29E87C62638A7A800401029 /* EventModel.swift in Sources */ = {isa = PBXBuildFile; fileRef = E29E87C52638A7A800401029 /* EventModel.swift */; };
		E29E87CF2638AE8300401029 /* EventViewModel.swift in Sources */ = {isa = PBXBuildFile; fileRef = E29E87CE2638AE8300401029 /* EventViewModel.swift */; };
		E29E87E02638BB1300401029 /* NewEventModalView.swift in Sources */ = {isa = PBXBuildFile; fileRef = E29E87DF2638BB1300401029 /* NewEventModalView.swift */; };
		E29E87E62638BE8300401029 /* CategoryModalTableViewCell.swift in Sources */ = {isa = PBXBuildFile; fileRef = E29E87E52638BE8300401029 /* CategoryModalTableViewCell.swift */; };
		E29E87F22638C7E900401029 /* NewEventModalView+DD.swift in Sources */ = {isa = PBXBuildFile; fileRef = E29E87F12638C7E900401029 /* NewEventModalView+DD.swift */; };
		E2C108BC2567F71D00CDB7FA /* ErrorMessages.swift in Sources */ = {isa = PBXBuildFile; fileRef = E2C108BB2567F71D00CDB7FA /* ErrorMessages.swift */; };
		E2C108C42568036300CDB7FA /* ErrorHandler.swift in Sources */ = {isa = PBXBuildFile; fileRef = E2C108C32568036300CDB7FA /* ErrorHandler.swift */; };
		E2DC2ACC255CA054008468E5 /* MemberTypeEnum.swift in Sources */ = {isa = PBXBuildFile; fileRef = E2DC2ACB255CA054008468E5 /* MemberTypeEnum.swift */; };
		E2DC2AD2255CA8C8008468E5 /* UserDefaultsExtension.swift in Sources */ = {isa = PBXBuildFile; fileRef = E2DC2AD1255CA8C8008468E5 /* UserDefaultsExtension.swift */; };
		E2DD96CF25519D3500A89A04 /* AutheticationPresenter.swift in Sources */ = {isa = PBXBuildFile; fileRef = E2DD96CE25519D3500A89A04 /* AutheticationPresenter.swift */; };
		E2DD96DF2551A52200A89A04 /* RegisterProtocols.swift in Sources */ = {isa = PBXBuildFile; fileRef = E2DD96DE2551A52200A89A04 /* RegisterProtocols.swift */; };
		E2DD96E42551A66E00A89A04 /* RegisterInteractor.swift in Sources */ = {isa = PBXBuildFile; fileRef = E2DD96E32551A66E00A89A04 /* RegisterInteractor.swift */; };
		E2DD96E92551A96800A89A04 /* RegisterPresenter.swift in Sources */ = {isa = PBXBuildFile; fileRef = E2DD96E82551A96800A89A04 /* RegisterPresenter.swift */; };
		E2F0E7872639A08100B55CE0 /* ResponsibleModalTableViewCell.swift in Sources */ = {isa = PBXBuildFile; fileRef = E2F0E7862639A08100B55CE0 /* ResponsibleModalTableViewCell.swift */; };
		E2F1E555264817A70011958B /* CustomButton.swift in Sources */ = {isa = PBXBuildFile; fileRef = E2F1E554264817A70011958B /* CustomButton.swift */; };
/* End PBXBuildFile section */

/* Begin PBXContainerItemProxy section */
		E2137F80254F311A007F4F53 /* PBXContainerItemProxy */ = {
			isa = PBXContainerItemProxy;
			containerPortal = E2137F61254F3118007F4F53 /* Project object */;
			proxyType = 1;
			remoteGlobalIDString = E2137F68254F3118007F4F53;
			remoteInfo = CaregiverProject;
		};
		E2137F8B254F311A007F4F53 /* PBXContainerItemProxy */ = {
			isa = PBXContainerItemProxy;
			containerPortal = E2137F61254F3118007F4F53 /* Project object */;
			proxyType = 1;
			remoteGlobalIDString = E2137F68254F3118007F4F53;
			remoteInfo = CaregiverProject;
		};
/* End PBXContainerItemProxy section */

/* Begin PBXFileReference section */
		0430E0E079F774E9BBCDA5F9 /* Pods_CaregiverProjectTests.framework */ = {isa = PBXFileReference; explicitFileType = wrapper.framework; includeInIndex = 0; path = Pods_CaregiverProjectTests.framework; sourceTree = BUILT_PRODUCTS_DIR; };
		22275667DF54DCCEE774481E /* Pods-CaregiverProject-CaregiverProjectUITests.debug.xcconfig */ = {isa = PBXFileReference; includeInIndex = 1; lastKnownFileType = text.xcconfig; name = "Pods-CaregiverProject-CaregiverProjectUITests.debug.xcconfig"; path = "Target Support Files/Pods-CaregiverProject-CaregiverProjectUITests/Pods-CaregiverProject-CaregiverProjectUITests.debug.xcconfig"; sourceTree = "<group>"; };
		313ADE18372FCB029E4D7D5D /* Pods_CaregiverProject.framework */ = {isa = PBXFileReference; explicitFileType = wrapper.framework; includeInIndex = 0; path = Pods_CaregiverProject.framework; sourceTree = BUILT_PRODUCTS_DIR; };
		47C80A20382529E371843CE0 /* Pods-CaregiverProject.debug.xcconfig */ = {isa = PBXFileReference; includeInIndex = 1; lastKnownFileType = text.xcconfig; name = "Pods-CaregiverProject.debug.xcconfig"; path = "Target Support Files/Pods-CaregiverProject/Pods-CaregiverProject.debug.xcconfig"; sourceTree = "<group>"; };
		4FB3CD3D193C60F1CB5A1687 /* Pods-CaregiverProject.release.xcconfig */ = {isa = PBXFileReference; includeInIndex = 1; lastKnownFileType = text.xcconfig; name = "Pods-CaregiverProject.release.xcconfig"; path = "Target Support Files/Pods-CaregiverProject/Pods-CaregiverProject.release.xcconfig"; sourceTree = "<group>"; };
		7904B48D255AB4C400D078F5 /* FamilyTreeView.swift */ = {isa = PBXFileReference; lastKnownFileType = sourcecode.swift; path = FamilyTreeView.swift; sourceTree = "<group>"; };
		7904B498255ABC9D00D078F5 /* FamilyTreeCell.swift */ = {isa = PBXFileReference; lastKnownFileType = sourcecode.swift; path = FamilyTreeCell.swift; sourceTree = "<group>"; };
		7904B49D255AD74A00D078F5 /* FamilyTreeViewController.swift */ = {isa = PBXFileReference; lastKnownFileType = sourcecode.swift; path = FamilyTreeViewController.swift; sourceTree = "<group>"; };
		7904B4A2255ADF2800D078F5 /* FamilyTreeDataSource.swift */ = {isa = PBXFileReference; lastKnownFileType = sourcecode.swift; path = FamilyTreeDataSource.swift; sourceTree = "<group>"; };
		79146141261458DB00EA9AB5 /* FamilyDataManager.swift */ = {isa = PBXFileReference; lastKnownFileType = sourcecode.swift; path = FamilyDataManager.swift; sourceTree = "<group>"; };
		7914614926145A1C00EA9AB5 /* Storable.swift */ = {isa = PBXFileReference; lastKnownFileType = sourcecode.swift; path = Storable.swift; sourceTree = "<group>"; };
		7914614E26145B0C00EA9AB5 /* ImageDecoder.swift */ = {isa = PBXFileReference; lastKnownFileType = sourcecode.swift; path = ImageDecoder.swift; sourceTree = "<group>"; };
		7914615626146EDD00EA9AB5 /* DataManager.swift */ = {isa = PBXFileReference; lastKnownFileType = sourcecode.swift; path = DataManager.swift; sourceTree = "<group>"; };
		79146161261476E700EA9AB5 /* FamilyManageViewModel.swift */ = {isa = PBXFileReference; lastKnownFileType = sourcecode.swift; path = FamilyManageViewModel.swift; sourceTree = "<group>"; };
		7914619E2617100100EA9AB5 /* Coordinator.swift */ = {isa = PBXFileReference; lastKnownFileType = sourcecode.swift; path = Coordinator.swift; sourceTree = "<group>"; };
		791461A32617163A00EA9AB5 /* MainCoordinator.swift */ = {isa = PBXFileReference; lastKnownFileType = sourcecode.swift; path = MainCoordinator.swift; sourceTree = "<group>"; };
		791461C226171F4E00EA9AB5 /* AuthenticationCoordinator.swift */ = {isa = PBXFileReference; lastKnownFileType = sourcecode.swift; path = AuthenticationCoordinator.swift; sourceTree = "<group>"; };
		791461C7261720BA00EA9AB5 /* AuthenticationBuilder.swift */ = {isa = PBXFileReference; lastKnownFileType = sourcecode.swift; path = AuthenticationBuilder.swift; sourceTree = "<group>"; };
		791461DB2617367800EA9AB5 /* GroupManagementCoordinator.swift */ = {isa = PBXFileReference; lastKnownFileType = sourcecode.swift; path = GroupManagementCoordinator.swift; sourceTree = "<group>"; };
		791461E426173F5300EA9AB5 /* GroupManagementBuilder.swift */ = {isa = PBXFileReference; lastKnownFileType = sourcecode.swift; path = GroupManagementBuilder.swift; sourceTree = "<group>"; };
		7914620426187BF200EA9AB5 /* FamilyCoordinator.swift */ = {isa = PBXFileReference; lastKnownFileType = sourcecode.swift; path = FamilyCoordinator.swift; sourceTree = "<group>"; };
		7914620D26187D3D00EA9AB5 /* CalendarCoodinator.swift */ = {isa = PBXFileReference; lastKnownFileType = sourcecode.swift; path = CalendarCoodinator.swift; sourceTree = "<group>"; };
		7914621526187D8D00EA9AB5 /* CalendarBuilder.swift */ = {isa = PBXFileReference; lastKnownFileType = sourcecode.swift; path = CalendarBuilder.swift; sourceTree = "<group>"; };
		7914621B26187DC600EA9AB5 /* ProfileCoordinator.swift */ = {isa = PBXFileReference; lastKnownFileType = sourcecode.swift; path = ProfileCoordinator.swift; sourceTree = "<group>"; };
		7914622326187DE700EA9AB5 /* ProfileBuilder.swift */ = {isa = PBXFileReference; lastKnownFileType = sourcecode.swift; path = ProfileBuilder.swift; sourceTree = "<group>"; };
		791462282619BBDD00EA9AB5 /* AppCoordinator.swift */ = {isa = PBXFileReference; lastKnownFileType = sourcecode.swift; path = AppCoordinator.swift; sourceTree = "<group>"; };
		7933236B255DEA060011FC03 /* Notification+CustomName.swift */ = {isa = PBXFileReference; lastKnownFileType = sourcecode.swift; path = "Notification+CustomName.swift"; sourceTree = "<group>"; };
		793E7394262EF2E400941ED7 /* MainTabBarController.swift */ = {isa = PBXFileReference; lastKnownFileType = sourcecode.swift; path = MainTabBarController.swift; sourceTree = "<group>"; };
		7947621C260F310F0044F1D0 /* FamilyTreeViewModel.swift */ = {isa = PBXFileReference; lastKnownFileType = sourcecode.swift; path = FamilyTreeViewModel.swift; sourceTree = "<group>"; };
		79476232260F6C840044F1D0 /* UIViewController.swift */ = {isa = PBXFileReference; lastKnownFileType = sourcecode.swift; path = UIViewController.swift; sourceTree = "<group>"; };
		79476237260F6EDB0044F1D0 /* UIViewControllerPreview.swift */ = {isa = PBXFileReference; lastKnownFileType = sourcecode.swift; path = UIViewControllerPreview.swift; sourceTree = "<group>"; };
		7965DC11263AA43600BCF951 /* CalendarViewModel.swift */ = {isa = PBXFileReference; lastKnownFileType = sourcecode.swift; path = CalendarViewModel.swift; sourceTree = "<group>"; };
		7965DC17263BDBB600BCF951 /* Wrapper.swift */ = {isa = PBXFileReference; lastKnownFileType = sourcecode.swift; path = Wrapper.swift; sourceTree = "<group>"; };
		79848F0226309A6500D996B0 /* TextFieldDelegate.swift */ = {isa = PBXFileReference; lastKnownFileType = sourcecode.swift; path = TextFieldDelegate.swift; sourceTree = "<group>"; };
		79848F072630A38A00D996B0 /* TableViewDelegate.swift */ = {isa = PBXFileReference; lastKnownFileType = sourcecode.swift; path = TableViewDelegate.swift; sourceTree = "<group>"; };
		79848F442633058300D996B0 /* String.swift */ = {isa = PBXFileReference; lastKnownFileType = sourcecode.swift; path = String.swift; sourceTree = "<group>"; };
		79960FC8255C3ECD00A01D85 /* AppUtility.swift */ = {isa = PBXFileReference; lastKnownFileType = sourcecode.swift; path = AppUtility.swift; sourceTree = "<group>"; };
		79960FCD255CB71900A01D85 /* FamilyTreeHeaderView.swift */ = {isa = PBXFileReference; lastKnownFileType = sourcecode.swift; path = FamilyTreeHeaderView.swift; sourceTree = "<group>"; };
		79960FE7255D84ED00A01D85 /* FamilyTabBarControllerDelegate.swift */ = {isa = PBXFileReference; lastKnownFileType = sourcecode.swift; path = FamilyTabBarControllerDelegate.swift; sourceTree = "<group>"; };
		8127C265ABC15FE38B9E554E /* Pods_CaregiverProject_CaregiverProjectUITests.framework */ = {isa = PBXFileReference; explicitFileType = wrapper.framework; includeInIndex = 0; path = Pods_CaregiverProject_CaregiverProjectUITests.framework; sourceTree = BUILT_PRODUCTS_DIR; };
		86DE9F1CE1A3782774C72496 /* Pods-CaregiverProject-CaregiverProjectUITests.release.xcconfig */ = {isa = PBXFileReference; includeInIndex = 1; lastKnownFileType = text.xcconfig; name = "Pods-CaregiverProject-CaregiverProjectUITests.release.xcconfig"; path = "Target Support Files/Pods-CaregiverProject-CaregiverProjectUITests/Pods-CaregiverProject-CaregiverProjectUITests.release.xcconfig"; sourceTree = "<group>"; };
		AC0F44D7261E3AA100710BC0 /* TaskCreateView.swift */ = {isa = PBXFileReference; lastKnownFileType = sourcecode.swift; path = TaskCreateView.swift; sourceTree = "<group>"; };
		AC0F44DF261E451700710BC0 /* TaskCreateView+DD.swift */ = {isa = PBXFileReference; lastKnownFileType = sourcecode.swift; path = "TaskCreateView+DD.swift"; sourceTree = "<group>"; };
		AC0F44E4261E45EC00710BC0 /* CreateTaskCell.swift */ = {isa = PBXFileReference; lastKnownFileType = sourcecode.swift; path = CreateTaskCell.swift; sourceTree = "<group>"; };
		AC0F44EC261F81E900710BC0 /* ActivityViewModel.swift */ = {isa = PBXFileReference; lastKnownFileType = sourcecode.swift; path = ActivityViewModel.swift; sourceTree = "<group>"; };
		AC29293B25544E0600C26FE1 /* ManageState.swift */ = {isa = PBXFileReference; lastKnownFileType = sourcecode.swift; path = ManageState.swift; sourceTree = "<group>"; };
		AC3873262552E1CB0084590D /* FamilyManageViewController.swift */ = {isa = PBXFileReference; lastKnownFileType = sourcecode.swift; path = FamilyManageViewController.swift; sourceTree = "<group>"; };
		AC38732C2552E5580084590D /* FamilyManageView.swift */ = {isa = PBXFileReference; lastKnownFileType = sourcecode.swift; path = FamilyManageView.swift; sourceTree = "<group>"; };
		AC38732E2552E8190084590D /* CRUDOperations.swift */ = {isa = PBXFileReference; lastKnownFileType = sourcecode.swift; path = CRUDOperations.swift; sourceTree = "<group>"; };
		AC3D574D2552D41D0013D470 /* Family.swift */ = {isa = PBXFileReference; lastKnownFileType = sourcecode.swift; path = Family.swift; sourceTree = "<group>"; };
		AC3D57602552D8140013D470 /* Metrics.swift */ = {isa = PBXFileReference; lastKnownFileType = sourcecode.swift; path = Metrics.swift; sourceTree = "<group>"; };
		AC4672672552DF15002AC45B /* FamilyBuilder.swift */ = {isa = PBXFileReference; lastKnownFileType = sourcecode.swift; path = FamilyBuilder.swift; sourceTree = "<group>"; };
		AC7C029E2554AD71002FE9DD /* UserSession.swift */ = {isa = PBXFileReference; lastKnownFileType = sourcecode.swift; path = UserSession.swift; sourceTree = "<group>"; };
		AC9D41B7255AC8EF00925819 /* ProfileView.swift */ = {isa = PBXFileReference; lastKnownFileType = sourcecode.swift; path = ProfileView.swift; sourceTree = "<group>"; };
		AC9D41BC255AC90400925819 /* ProfileViewModel.swift */ = {isa = PBXFileReference; lastKnownFileType = sourcecode.swift; path = ProfileViewModel.swift; sourceTree = "<group>"; };
		AC9D41C6255AC92600925819 /* ProfileModel.swift */ = {isa = PBXFileReference; lastKnownFileType = sourcecode.swift; path = ProfileModel.swift; sourceTree = "<group>"; };
		AC9D41CB255ACD5200925819 /* Kinship.swift */ = {isa = PBXFileReference; lastKnownFileType = sourcecode.swift; path = Kinship.swift; sourceTree = "<group>"; };
		AC9D41D2255ACE5A00925819 /* ProfileViewController.swift */ = {isa = PBXFileReference; lastKnownFileType = sourcecode.swift; path = ProfileViewController.swift; sourceTree = "<group>"; };
		AC9D6242261D1EB600EE730B /* Date.swift */ = {isa = PBXFileReference; lastKnownFileType = sourcecode.swift; path = Date.swift; sourceTree = "<group>"; };
		ACC22E65261B4EEE002A9722 /* ActivityViewController.swift */ = {isa = PBXFileReference; lastKnownFileType = sourcecode.swift; path = ActivityViewController.swift; sourceTree = "<group>"; };
		ACC22E6A261B5505002A9722 /* ActivityView+DD.swift */ = {isa = PBXFileReference; lastKnownFileType = sourcecode.swift; path = "ActivityView+DD.swift"; sourceTree = "<group>"; };
		ACEF1C13255425CF00346B67 /* EntityTypes.swift */ = {isa = PBXFileReference; lastKnownFileType = sourcecode.swift; path = EntityTypes.swift; sourceTree = "<group>"; };
		ACF654B0261B469D00A5FAC3 /* ActivityView.swift */ = {isa = PBXFileReference; lastKnownFileType = sourcecode.swift; path = ActivityView.swift; sourceTree = "<group>"; };
		ACF654C0261B48CA00A5FAC3 /* Task.swift */ = {isa = PBXFileReference; lastKnownFileType = sourcecode.swift; path = Task.swift; sourceTree = "<group>"; };
		ACF654C9261B497900A5FAC3 /* TaskCell.swift */ = {isa = PBXFileReference; lastKnownFileType = sourcecode.swift; path = TaskCell.swift; sourceTree = "<group>"; };
		D1B145D0DA6BFC2D85279B9D /* Pods-CaregiverProjectTests.release.xcconfig */ = {isa = PBXFileReference; includeInIndex = 1; lastKnownFileType = text.xcconfig; name = "Pods-CaregiverProjectTests.release.xcconfig"; path = "Target Support Files/Pods-CaregiverProjectTests/Pods-CaregiverProjectTests.release.xcconfig"; sourceTree = "<group>"; };
		D2D0AC7856CD11223D8A9F5A /* Pods-CaregiverProjectTests.debug.xcconfig */ = {isa = PBXFileReference; includeInIndex = 1; lastKnownFileType = text.xcconfig; name = "Pods-CaregiverProjectTests.debug.xcconfig"; path = "Target Support Files/Pods-CaregiverProjectTests/Pods-CaregiverProjectTests.debug.xcconfig"; sourceTree = "<group>"; };
		DD9D5E6326403474008C532A /* LaunchScreenView.swift */ = {isa = PBXFileReference; lastKnownFileType = sourcecode.swift; path = LaunchScreenView.swift; sourceTree = "<group>"; };
		DD9D5E73264034E9008C532A /* LaunchScreenController.swift */ = {isa = PBXFileReference; lastKnownFileType = sourcecode.swift; path = LaunchScreenController.swift; sourceTree = "<group>"; };
		DD9D5E80264051C5008C532A /* LaunchCoordinator.swift */ = {isa = PBXFileReference; lastKnownFileType = sourcecode.swift; path = LaunchCoordinator.swift; sourceTree = "<group>"; };
		E202115725509B7300790DA9 /* StartFamilyView.swift */ = {isa = PBXFileReference; lastKnownFileType = sourcecode.swift; path = StartFamilyView.swift; sourceTree = "<group>"; };
		E20211652550A0E100790DA9 /* RegisterView.swift */ = {isa = PBXFileReference; lastKnownFileType = sourcecode.swift; path = RegisterView.swift; sourceTree = "<group>"; };
		E202116A2550A21100790DA9 /* RegisterViewController.swift */ = {isa = PBXFileReference; lastKnownFileType = sourcecode.swift; path = RegisterViewController.swift; sourceTree = "<group>"; };
		E20211762550AC4D00790DA9 /* StartFamilyViewController.swift */ = {isa = PBXFileReference; lastKnownFileType = sourcecode.swift; path = StartFamilyViewController.swift; sourceTree = "<group>"; };
		E202117B2550B2EC00790DA9 /* AuthenticationInteractor.swift */ = {isa = PBXFileReference; lastKnownFileType = sourcecode.swift; path = AuthenticationInteractor.swift; sourceTree = "<group>"; };
		E20211822550B35900790DA9 /* ViewCodeProtocol.swift */ = {isa = PBXFileReference; lastKnownFileType = sourcecode.swift; path = ViewCodeProtocol.swift; sourceTree = "<group>"; };
		E202118D2550B55700790DA9 /* Member.swift */ = {isa = PBXFileReference; lastKnownFileType = sourcecode.swift; path = Member.swift; sourceTree = "<group>"; };
		E2137F69254F3118007F4F53 /* CaregiverProject.app */ = {isa = PBXFileReference; explicitFileType = wrapper.application; includeInIndex = 0; path = CaregiverProject.app; sourceTree = BUILT_PRODUCTS_DIR; };
		E2137F6C254F3118007F4F53 /* AppDelegate.swift */ = {isa = PBXFileReference; lastKnownFileType = sourcecode.swift; path = AppDelegate.swift; sourceTree = "<group>"; };
		E2137F6E254F3118007F4F53 /* SceneDelegate.swift */ = {isa = PBXFileReference; lastKnownFileType = sourcecode.swift; path = SceneDelegate.swift; sourceTree = "<group>"; };
		E2137F70254F3118007F4F53 /* AuthenticationViewController.swift */ = {isa = PBXFileReference; lastKnownFileType = sourcecode.swift; path = AuthenticationViewController.swift; sourceTree = "<group>"; };
		E2137F73254F3118007F4F53 /* Base */ = {isa = PBXFileReference; lastKnownFileType = file.storyboard; name = Base; path = Base.lproj/Main.storyboard; sourceTree = "<group>"; };
		E2137F75254F311A007F4F53 /* Assets.xcassets */ = {isa = PBXFileReference; lastKnownFileType = folder.assetcatalog; path = Assets.xcassets; sourceTree = "<group>"; };
		E2137F78254F311A007F4F53 /* Base */ = {isa = PBXFileReference; lastKnownFileType = file.storyboard; name = Base; path = Base.lproj/LaunchScreen.storyboard; sourceTree = "<group>"; };
		E2137F7A254F311A007F4F53 /* Info.plist */ = {isa = PBXFileReference; lastKnownFileType = text.plist.xml; path = Info.plist; sourceTree = "<group>"; };
		E2137F7F254F311A007F4F53 /* CaregiverProjectTests.xctest */ = {isa = PBXFileReference; explicitFileType = wrapper.cfbundle; includeInIndex = 0; path = CaregiverProjectTests.xctest; sourceTree = BUILT_PRODUCTS_DIR; };
		E2137F83254F311A007F4F53 /* CaregiverProjectTests.swift */ = {isa = PBXFileReference; lastKnownFileType = sourcecode.swift; path = CaregiverProjectTests.swift; sourceTree = "<group>"; };
		E2137F85254F311A007F4F53 /* Info.plist */ = {isa = PBXFileReference; lastKnownFileType = text.plist.xml; path = Info.plist; sourceTree = "<group>"; };
		E2137F8A254F311A007F4F53 /* CaregiverProjectUITests.xctest */ = {isa = PBXFileReference; explicitFileType = wrapper.cfbundle; includeInIndex = 0; path = CaregiverProjectUITests.xctest; sourceTree = BUILT_PRODUCTS_DIR; };
		E2137F8E254F311A007F4F53 /* CaregiverProjectUITests.swift */ = {isa = PBXFileReference; lastKnownFileType = sourcecode.swift; path = CaregiverProjectUITests.swift; sourceTree = "<group>"; };
		E2137F90254F311A007F4F53 /* Info.plist */ = {isa = PBXFileReference; lastKnownFileType = text.plist.xml; path = Info.plist; sourceTree = "<group>"; };
		E2137FAB254F4108007F4F53 /* AuthenticationProtocols.swift */ = {isa = PBXFileReference; lastKnownFileType = sourcecode.swift; path = AuthenticationProtocols.swift; sourceTree = "<group>"; };
		E2137FB0254F4204007F4F53 /* LoginView.swift */ = {isa = PBXFileReference; lastKnownFileType = sourcecode.swift; path = LoginView.swift; sourceTree = "<group>"; };
		E2137FD4255092E1007F4F53 /* GoogleService-Info.plist */ = {isa = PBXFileReference; fileEncoding = 4; lastKnownFileType = text.plist.xml; path = "GoogleService-Info.plist"; sourceTree = "<group>"; };
		E2194787255B587A0013E942 /* ImagePickerManager.swift */ = {isa = PBXFileReference; lastKnownFileType = sourcecode.swift; path = ImagePickerManager.swift; sourceTree = "<group>"; };
		E219478C255B592B0013E942 /* StringHelper.swift */ = {isa = PBXFileReference; lastKnownFileType = sourcecode.swift; path = StringHelper.swift; sourceTree = "<group>"; };
		E21DF8EF261350200061AE3A /* ImageConverter.swift */ = {isa = PBXFileReference; lastKnownFileType = sourcecode.swift; path = ImageConverter.swift; sourceTree = "<group>"; };
		E21DF90C26152F730061AE3A /* CalendarView.swift */ = {isa = PBXFileReference; lastKnownFileType = sourcecode.swift; path = CalendarView.swift; sourceTree = "<group>"; };
		E21DF91126152F840061AE3A /* CalendarViewController.swift */ = {isa = PBXFileReference; lastKnownFileType = sourcecode.swift; path = CalendarViewController.swift; sourceTree = "<group>"; };
		E21DF91726152FFA0061AE3A /* CustomViewController.swift */ = {isa = PBXFileReference; lastKnownFileType = sourcecode.swift; path = CustomViewController.swift; sourceTree = "<group>"; };
		E21DF9682615445B0061AE3A /* UIView+Extension.swift */ = {isa = PBXFileReference; lastKnownFileType = sourcecode.swift; path = "UIView+Extension.swift"; sourceTree = "<group>"; };
		E21DF9AF261BC2DB0061AE3A /* EventCell.swift */ = {isa = PBXFileReference; lastKnownFileType = sourcecode.swift; path = EventCell.swift; sourceTree = "<group>"; };
		E29E878D2636D3DB00401029 /* NewEventCoordinator.swift */ = {isa = PBXFileReference; lastKnownFileType = sourcecode.swift; path = NewEventCoordinator.swift; sourceTree = "<group>"; };
		E29E87922636D42700401029 /* NewEventViewController.swift */ = {isa = PBXFileReference; lastKnownFileType = sourcecode.swift; path = NewEventViewController.swift; sourceTree = "<group>"; };
		E29E879A2636D4D100401029 /* NewEventView.swift */ = {isa = PBXFileReference; lastKnownFileType = sourcecode.swift; path = NewEventView.swift; sourceTree = "<group>"; };
		E29E87A32636D7F700401029 /* CategoryTableViewCell.swift */ = {isa = PBXFileReference; lastKnownFileType = sourcecode.swift; path = CategoryTableViewCell.swift; sourceTree = "<group>"; };
		E29E87AB263859F900401029 /* TimeTableViewCell.swift */ = {isa = PBXFileReference; lastKnownFileType = sourcecode.swift; path = TimeTableViewCell.swift; sourceTree = "<group>"; };
		E29E87B026385C8C00401029 /* ResponsibleTableViewCell.swift */ = {isa = PBXFileReference; lastKnownFileType = sourcecode.swift; path = ResponsibleTableViewCell.swift; sourceTree = "<group>"; };
		E29E87B526385D9500401029 /* NotesTableViewCell.swift */ = {isa = PBXFileReference; lastKnownFileType = sourcecode.swift; path = NotesTableViewCell.swift; sourceTree = "<group>"; };
		E29E87BA26388FC500401029 /* TitleTableViewCell.swift */ = {isa = PBXFileReference; lastKnownFileType = sourcecode.swift; path = TitleTableViewCell.swift; sourceTree = "<group>"; };
		E29E87BF263891A300401029 /* LocalTableViewCell.swift */ = {isa = PBXFileReference; lastKnownFileType = sourcecode.swift; path = LocalTableViewCell.swift; sourceTree = "<group>"; };
		E29E87C52638A7A800401029 /* EventModel.swift */ = {isa = PBXFileReference; lastKnownFileType = sourcecode.swift; path = EventModel.swift; sourceTree = "<group>"; };
		E29E87CE2638AE8300401029 /* EventViewModel.swift */ = {isa = PBXFileReference; lastKnownFileType = sourcecode.swift; path = EventViewModel.swift; sourceTree = "<group>"; };
		E29E87DF2638BB1300401029 /* NewEventModalView.swift */ = {isa = PBXFileReference; lastKnownFileType = sourcecode.swift; path = NewEventModalView.swift; sourceTree = "<group>"; };
		E29E87E52638BE8300401029 /* CategoryModalTableViewCell.swift */ = {isa = PBXFileReference; lastKnownFileType = sourcecode.swift; path = CategoryModalTableViewCell.swift; sourceTree = "<group>"; };
		E29E87F12638C7E900401029 /* NewEventModalView+DD.swift */ = {isa = PBXFileReference; lastKnownFileType = sourcecode.swift; path = "NewEventModalView+DD.swift"; sourceTree = "<group>"; };
		E2C108BB2567F71D00CDB7FA /* ErrorMessages.swift */ = {isa = PBXFileReference; lastKnownFileType = sourcecode.swift; path = ErrorMessages.swift; sourceTree = "<group>"; };
		E2C108C32568036300CDB7FA /* ErrorHandler.swift */ = {isa = PBXFileReference; lastKnownFileType = sourcecode.swift; path = ErrorHandler.swift; sourceTree = "<group>"; };
		E2DC2ACB255CA054008468E5 /* MemberTypeEnum.swift */ = {isa = PBXFileReference; lastKnownFileType = sourcecode.swift; path = MemberTypeEnum.swift; sourceTree = "<group>"; };
		E2DC2AD1255CA8C8008468E5 /* UserDefaultsExtension.swift */ = {isa = PBXFileReference; lastKnownFileType = sourcecode.swift; path = UserDefaultsExtension.swift; sourceTree = "<group>"; };
		E2DD96CE25519D3500A89A04 /* AutheticationPresenter.swift */ = {isa = PBXFileReference; lastKnownFileType = sourcecode.swift; path = AutheticationPresenter.swift; sourceTree = "<group>"; };
		E2DD96DE2551A52200A89A04 /* RegisterProtocols.swift */ = {isa = PBXFileReference; lastKnownFileType = sourcecode.swift; path = RegisterProtocols.swift; sourceTree = "<group>"; };
		E2DD96E32551A66E00A89A04 /* RegisterInteractor.swift */ = {isa = PBXFileReference; lastKnownFileType = sourcecode.swift; path = RegisterInteractor.swift; sourceTree = "<group>"; };
		E2DD96E82551A96800A89A04 /* RegisterPresenter.swift */ = {isa = PBXFileReference; lastKnownFileType = sourcecode.swift; path = RegisterPresenter.swift; sourceTree = "<group>"; };
		E2DD97792552168400A89A04 /* CaregiverProject.entitlements */ = {isa = PBXFileReference; lastKnownFileType = text.plist.entitlements; path = CaregiverProject.entitlements; sourceTree = "<group>"; };
		E2F0E7862639A08100B55CE0 /* ResponsibleModalTableViewCell.swift */ = {isa = PBXFileReference; lastKnownFileType = sourcecode.swift; path = ResponsibleModalTableViewCell.swift; sourceTree = "<group>"; };
		E2F1E554264817A70011958B /* CustomButton.swift */ = {isa = PBXFileReference; lastKnownFileType = sourcecode.swift; path = CustomButton.swift; sourceTree = "<group>"; };
/* End PBXFileReference section */

/* Begin PBXFrameworksBuildPhase section */
		E2137F66254F3118007F4F53 /* Frameworks */ = {
			isa = PBXFrameworksBuildPhase;
			buildActionMask = 2147483647;
			files = (
				1BFCFACFDCC1DF898A4BBEAE /* Pods_CaregiverProject.framework in Frameworks */,
			);
			runOnlyForDeploymentPostprocessing = 0;
		};
		E2137F7C254F311A007F4F53 /* Frameworks */ = {
			isa = PBXFrameworksBuildPhase;
			buildActionMask = 2147483647;
			files = (
				B47535054A304F47969D70C3 /* Pods_CaregiverProjectTests.framework in Frameworks */,
			);
			runOnlyForDeploymentPostprocessing = 0;
		};
		E2137F87254F311A007F4F53 /* Frameworks */ = {
			isa = PBXFrameworksBuildPhase;
			buildActionMask = 2147483647;
			files = (
				2D6F3A3126BEC3E77F70008F /* Pods_CaregiverProject_CaregiverProjectUITests.framework in Frameworks */,
			);
			runOnlyForDeploymentPostprocessing = 0;
		};
/* End PBXFrameworksBuildPhase section */

/* Begin PBXGroup section */
		0C7C87AB784D2A212BA17B65 /* Frameworks */ = {
			isa = PBXGroup;
			children = (
				313ADE18372FCB029E4D7D5D /* Pods_CaregiverProject.framework */,
				8127C265ABC15FE38B9E554E /* Pods_CaregiverProject_CaregiverProjectUITests.framework */,
				0430E0E079F774E9BBCDA5F9 /* Pods_CaregiverProjectTests.framework */,
			);
			name = Frameworks;
			sourceTree = "<group>";
		};
		7904B492255AB6D400D078F5 /* CollectionView */ = {
			isa = PBXGroup;
			children = (
				7904B498255ABC9D00D078F5 /* FamilyTreeCell.swift */,
				79960FCD255CB71900A01D85 /* FamilyTreeHeaderView.swift */,
			);
			path = CollectionView;
			sourceTree = "<group>";
		};
		79146140261458AF00EA9AB5 /* DataStorage */ = {
			isa = PBXGroup;
			children = (
				79146141261458DB00EA9AB5 /* FamilyDataManager.swift */,
			);
			path = DataStorage;
			sourceTree = "<group>";
		};
		791461AD26171C2B00EA9AB5 /* Coordinator */ = {
			isa = PBXGroup;
			children = (
				791461A32617163A00EA9AB5 /* MainCoordinator.swift */,
				791462282619BBDD00EA9AB5 /* AppCoordinator.swift */,
			);
			path = Coordinator;
			sourceTree = "<group>";
		};
		791461D22617345400EA9AB5 /* GroupManagement */ = {
			isa = PBXGroup;
			children = (
				791461D7261735E700EA9AB5 /* Coordinator */,
				AC3D57522552D6040013D470 /* Model */,
				791461D42617346B00EA9AB5 /* ViewModel */,
				791461D32617346500EA9AB5 /* View */,
			);
			path = GroupManagement;
			sourceTree = "<group>";
		};
		791461D32617346500EA9AB5 /* View */ = {
			isa = PBXGroup;
			children = (
				791461D62617357400EA9AB5 /* View */,
				791461D52617354200EA9AB5 /* Controllers */,
			);
			path = View;
			sourceTree = "<group>";
		};
		791461D42617346B00EA9AB5 /* ViewModel */ = {
			isa = PBXGroup;
			children = (
				79146161261476E700EA9AB5 /* FamilyManageViewModel.swift */,
			);
			path = ViewModel;
			sourceTree = "<group>";
		};
		791461D52617354200EA9AB5 /* Controllers */ = {
			isa = PBXGroup;
			children = (
				E20211762550AC4D00790DA9 /* StartFamilyViewController.swift */,
				AC3873262552E1CB0084590D /* FamilyManageViewController.swift */,
			);
			path = Controllers;
			sourceTree = "<group>";
		};
		791461D62617357400EA9AB5 /* View */ = {
			isa = PBXGroup;
			children = (
				AC38732C2552E5580084590D /* FamilyManageView.swift */,
				E202115725509B7300790DA9 /* StartFamilyView.swift */,
			);
			path = View;
			sourceTree = "<group>";
		};
		791461D7261735E700EA9AB5 /* Coordinator */ = {
			isa = PBXGroup;
			children = (
				791461DB2617367800EA9AB5 /* GroupManagementCoordinator.swift */,
				791461E426173F5300EA9AB5 /* GroupManagementBuilder.swift */,
			);
			path = Coordinator;
			sourceTree = "<group>";
		};
		7914620326187B9900EA9AB5 /* Coordinator */ = {
			isa = PBXGroup;
			children = (
				AC4672672552DF15002AC45B /* FamilyBuilder.swift */,
				7914620426187BF200EA9AB5 /* FamilyCoordinator.swift */,
			);
			path = Coordinator;
			sourceTree = "<group>";
		};
		7914620C26187D2D00EA9AB5 /* Coordinator */ = {
			isa = PBXGroup;
			children = (
				7914620D26187D3D00EA9AB5 /* CalendarCoodinator.swift */,
				7914621526187D8D00EA9AB5 /* CalendarBuilder.swift */,
			);
			path = Coordinator;
			sourceTree = "<group>";
		};
		7914621A26187DB500EA9AB5 /* Coordinator */ = {
			isa = PBXGroup;
			children = (
				7914621B26187DC600EA9AB5 /* ProfileCoordinator.swift */,
				7914622326187DE700EA9AB5 /* ProfileBuilder.swift */,
			);
			path = Coordinator;
			sourceTree = "<group>";
		};
		7947621B260F30D60044F1D0 /* ViewModel */ = {
			isa = PBXGroup;
			children = (
				7904B4A2255ADF2800D078F5 /* FamilyTreeDataSource.swift */,
				7947621C260F310F0044F1D0 /* FamilyTreeViewModel.swift */,
			);
			path = ViewModel;
			sourceTree = "<group>";
		};
		7965DC10263AA41B00BCF951 /* ViewModel */ = {
			isa = PBXGroup;
			children = (
				7965DC11263AA43600BCF951 /* CalendarViewModel.swift */,
			);
			path = ViewModel;
			sourceTree = "<group>";
		};
		7965DC16263BDB9300BCF951 /* Model */ = {
			isa = PBXGroup;
			children = (
				7965DC17263BDBB600BCF951 /* Wrapper.swift */,
			);
			path = Model;
			sourceTree = "<group>";
		};
		AC38732A2552E5340084590D /* Controller */ = {
			isa = PBXGroup;
			children = (
				7904B49D255AD74A00D078F5 /* FamilyTreeViewController.swift */,
				79960FE7255D84ED00A01D85 /* FamilyTabBarControllerDelegate.swift */,
			);
			path = Controller;
			sourceTree = "<group>";
		};
		AC38732B2552E5410084590D /* View */ = {
			isa = PBXGroup;
			children = (
				7904B48D255AB4C400D078F5 /* FamilyTreeView.swift */,
			);
			path = View;
			sourceTree = "<group>";
		};
		AC3D574F2552D5D50013D470 /* FamilyTree */ = {
			isa = PBXGroup;
			children = (
				7914620326187B9900EA9AB5 /* Coordinator */,
				7947621B260F30D60044F1D0 /* ViewModel */,
				AC3D57532552D60A0013D470 /* View */,
			);
			path = FamilyTree;
			sourceTree = "<group>";
		};
		AC3D57522552D6040013D470 /* Model */ = {
			isa = PBXGroup;
			children = (
				AC3D574D2552D41D0013D470 /* Family.swift */,
			);
			path = Model;
			sourceTree = "<group>";
		};
		AC3D57532552D60A0013D470 /* View */ = {
			isa = PBXGroup;
			children = (
				7904B492255AB6D400D078F5 /* CollectionView */,
				AC38732B2552E5410084590D /* View */,
				AC38732A2552E5340084590D /* Controller */,
			);
			path = View;
			sourceTree = "<group>";
		};
		AC3D575F2552D8040013D470 /* Utils */ = {
			isa = PBXGroup;
			children = (
				E2F1E553264817800011958B /* CustomButton */,
				E21DF91626152FB70061AE3A /* ViewController */,
				E21DF8EE261350090061AE3A /* ImageConverter */,
				E2DC2AD0255CA8AD008468E5 /* Extensions */,
				E2DC2ACA255CA03F008468E5 /* Enums */,
				E2194786255B58680013E942 /* ImagePicker */,
				AC3D57602552D8140013D470 /* Metrics.swift */,
				AC38732E2552E8190084590D /* CRUDOperations.swift */,
				ACEF1C13255425CF00346B67 /* EntityTypes.swift */,
				AC29293B25544E0600C26FE1 /* ManageState.swift */,
				AC7C029E2554AD71002FE9DD /* UserSession.swift */,
				79960FC8255C3ECD00A01D85 /* AppUtility.swift */,
				AC9D41CB255ACD5200925819 /* Kinship.swift */,
				E2C108C32568036300CDB7FA /* ErrorHandler.swift */,
				793E7394262EF2E400941ED7 /* MainTabBarController.swift */,
				79848F0226309A6500D996B0 /* TextFieldDelegate.swift */,
				79848F072630A38A00D996B0 /* TableViewDelegate.swift */,
			);
			path = Utils;
			sourceTree = "<group>";
		};
		AC9D41AF255AC82B00925819 /* Profile */ = {
			isa = PBXGroup;
			children = (
				7914621A26187DB500EA9AB5 /* Coordinator */,
				AC9D41B0255AC84C00925819 /* View */,
				E21DF8EA26134EA00061AE3A /* ViewController */,
				AC9D41B1255AC85800925819 /* ViewModel */,
				AC9D41B3255AC86400925819 /* Model */,
			);
			path = Profile;
			sourceTree = "<group>";
		};
		AC9D41B0255AC84C00925819 /* View */ = {
			isa = PBXGroup;
			children = (
				AC9D41B7255AC8EF00925819 /* ProfileView.swift */,
			);
			path = View;
			sourceTree = "<group>";
		};
		AC9D41B1255AC85800925819 /* ViewModel */ = {
			isa = PBXGroup;
			children = (
				AC9D41BC255AC90400925819 /* ProfileViewModel.swift */,
			);
			path = ViewModel;
			sourceTree = "<group>";
		};
		AC9D41B3255AC86400925819 /* Model */ = {
			isa = PBXGroup;
			children = (
				AC9D41C6255AC92600925819 /* ProfileModel.swift */,
			);
			path = Model;
			sourceTree = "<group>";
		};
		AC9D6241261D1EAB00EE730B /* Extensions */ = {
			isa = PBXGroup;
			children = (
				AC9D6242261D1EB600EE730B /* Date.swift */,
			);
			path = Extensions;
			sourceTree = "<group>";
		};
		ACC22E64261B4EDA002A9722 /* ViewController */ = {
			isa = PBXGroup;
			children = (
				ACC22E65261B4EEE002A9722 /* ActivityViewController.swift */,
			);
			path = ViewController;
			sourceTree = "<group>";
		};
		ACF654AC261B43E700A5FAC3 /* Activity */ = {
			isa = PBXGroup;
			children = (
				ACF654AD261B459700A5FAC3 /* View */,
				ACC22E64261B4EDA002A9722 /* ViewController */,
				ACF654AF261B45CA00A5FAC3 /* ViewModel */,
				ACF654AE261B459D00A5FAC3 /* Model */,
			);
			path = Activity;
			sourceTree = "<group>";
		};
		ACF654AD261B459700A5FAC3 /* View */ = {
			isa = PBXGroup;
			children = (
				ACF654B0261B469D00A5FAC3 /* ActivityView.swift */,
				AC0F44D7261E3AA100710BC0 /* TaskCreateView.swift */,
				ACF654C8261B494F00A5FAC3 /* TableView */,
			);
			path = View;
			sourceTree = "<group>";
		};
		ACF654AE261B459D00A5FAC3 /* Model */ = {
			isa = PBXGroup;
			children = (
				ACF654C0261B48CA00A5FAC3 /* Task.swift */,
			);
			path = Model;
			sourceTree = "<group>";
		};
		ACF654AF261B45CA00A5FAC3 /* ViewModel */ = {
			isa = PBXGroup;
			children = (
				AC0F44EC261F81E900710BC0 /* ActivityViewModel.swift */,
			);
			path = ViewModel;
			sourceTree = "<group>";
		};
		ACF654C8261B494F00A5FAC3 /* TableView */ = {
			isa = PBXGroup;
			children = (
				ACF654C9261B497900A5FAC3 /* TaskCell.swift */,
				ACC22E6A261B5505002A9722 /* ActivityView+DD.swift */,
				AC0F44DF261E451700710BC0 /* TaskCreateView+DD.swift */,
				AC0F44E4261E45EC00710BC0 /* CreateTaskCell.swift */,
			);
			path = TableView;
			sourceTree = "<group>";
		};
		AD862F4A5B54F4BB784192BA /* Pods */ = {
			isa = PBXGroup;
			children = (
				47C80A20382529E371843CE0 /* Pods-CaregiverProject.debug.xcconfig */,
				4FB3CD3D193C60F1CB5A1687 /* Pods-CaregiverProject.release.xcconfig */,
				22275667DF54DCCEE774481E /* Pods-CaregiverProject-CaregiverProjectUITests.debug.xcconfig */,
				86DE9F1CE1A3782774C72496 /* Pods-CaregiverProject-CaregiverProjectUITests.release.xcconfig */,
				D2D0AC7856CD11223D8A9F5A /* Pods-CaregiverProjectTests.debug.xcconfig */,
				D1B145D0DA6BFC2D85279B9D /* Pods-CaregiverProjectTests.release.xcconfig */,
			);
			path = Pods;
			sourceTree = "<group>";
		};
		DD9D5E6B2640349B008C532A /* Launch */ = {
			isa = PBXGroup;
			children = (
				DD9D5E6F264034CD008C532A /* View */,
				DD9D5E85264051EF008C532A /* ViewController */,
				DD9D5E86264051F7008C532A /* Coordinator */,
			);
			path = Launch;
			sourceTree = "<group>";
		};
		DD9D5E6F264034CD008C532A /* View */ = {
			isa = PBXGroup;
			children = (
				DD9D5E6326403474008C532A /* LaunchScreenView.swift */,
			);
			path = View;
			sourceTree = "<group>";
		};
		DD9D5E85264051EF008C532A /* ViewController */ = {
			isa = PBXGroup;
			children = (
				DD9D5E73264034E9008C532A /* LaunchScreenController.swift */,
			);
			path = ViewController;
			sourceTree = "<group>";
		};
		DD9D5E86264051F7008C532A /* Coordinator */ = {
			isa = PBXGroup;
			children = (
				DD9D5E80264051C5008C532A /* LaunchCoordinator.swift */,
			);
			path = Coordinator;
			sourceTree = "<group>";
		};
		E20211802550B33700790DA9 /* General */ = {
			isa = PBXGroup;
			children = (
				79146140261458AF00EA9AB5 /* DataStorage */,
				791461AD26171C2B00EA9AB5 /* Coordinator */,
				AC9D6241261D1EAB00EE730B /* Extensions */,
				AC3D575F2552D8040013D470 /* Utils */,
				E20211812550B34000790DA9 /* Protocols */,
			);
			path = General;
			sourceTree = "<group>";
		};
		E20211812550B34000790DA9 /* Protocols */ = {
			isa = PBXGroup;
			children = (
				E20211822550B35900790DA9 /* ViewCodeProtocol.swift */,
				7914614926145A1C00EA9AB5 /* Storable.swift */,
				7914615626146EDD00EA9AB5 /* DataManager.swift */,
				7914619E2617100100EA9AB5 /* Coordinator.swift */,
			);
			path = Protocols;
			sourceTree = "<group>";
		};
		E2137F60254F3118007F4F53 = {
			isa = PBXGroup;
			children = (
				E2137F6B254F3118007F4F53 /* CaregiverProject */,
				E2137F82254F311A007F4F53 /* CaregiverProjectTests */,
				E2137F8D254F311A007F4F53 /* CaregiverProjectUITests */,
				E2137F6A254F3118007F4F53 /* Products */,
				AD862F4A5B54F4BB784192BA /* Pods */,
				0C7C87AB784D2A212BA17B65 /* Frameworks */,
			);
			sourceTree = "<group>";
		};
		E2137F6A254F3118007F4F53 /* Products */ = {
			isa = PBXGroup;
			children = (
				E2137F69254F3118007F4F53 /* CaregiverProject.app */,
				E2137F7F254F311A007F4F53 /* CaregiverProjectTests.xctest */,
				E2137F8A254F311A007F4F53 /* CaregiverProjectUITests.xctest */,
			);
			name = Products;
			sourceTree = "<group>";
		};
		E2137F6B254F3118007F4F53 /* CaregiverProject */ = {
			isa = PBXGroup;
			children = (
				DD9D5E6B2640349B008C532A /* Launch */,
				E2DD97792552168400A89A04 /* CaregiverProject.entitlements */,
				E20211802550B33700790DA9 /* General */,
				E2137FA1254F3F11007F4F53 /* Authentication */,
				791461D22617345400EA9AB5 /* GroupManagement */,
				AC3D574F2552D5D50013D470 /* FamilyTree */,
				E21DF90926152F3F0061AE3A /* Calendar */,
				E29E87892636D00600401029 /* Event */,
				AC9D41AF255AC82B00925819 /* Profile */,
				ACF654AC261B43E700A5FAC3 /* Activity */,
				E2137F75254F311A007F4F53 /* Assets.xcassets */,
				E2137F9F254F3E75007F4F53 /* Application */,
				E2137F72254F3118007F4F53 /* Main.storyboard */,
				E2137F77254F311A007F4F53 /* LaunchScreen.storyboard */,
				E2137F7A254F311A007F4F53 /* Info.plist */,
				E2137FD4255092E1007F4F53 /* GoogleService-Info.plist */,
			);
			path = CaregiverProject;
			sourceTree = "<group>";
		};
		E2137F82254F311A007F4F53 /* CaregiverProjectTests */ = {
			isa = PBXGroup;
			children = (
				E2137F83254F311A007F4F53 /* CaregiverProjectTests.swift */,
				E2137F85254F311A007F4F53 /* Info.plist */,
			);
			path = CaregiverProjectTests;
			sourceTree = "<group>";
		};
		E2137F8D254F311A007F4F53 /* CaregiverProjectUITests */ = {
			isa = PBXGroup;
			children = (
				E2137F8E254F311A007F4F53 /* CaregiverProjectUITests.swift */,
				E2137F90254F311A007F4F53 /* Info.plist */,
			);
			path = CaregiverProjectUITests;
			sourceTree = "<group>";
		};
		E2137F9F254F3E75007F4F53 /* Application */ = {
			isa = PBXGroup;
			children = (
				E2137F6C254F3118007F4F53 /* AppDelegate.swift */,
				E2137F6E254F3118007F4F53 /* SceneDelegate.swift */,
			);
			path = Application;
			sourceTree = "<group>";
		};
		E2137FA1254F3F11007F4F53 /* Authentication */ = {
			isa = PBXGroup;
			children = (
				E2137FA4254F3F4D007F4F53 /* Protocols */,
				E2137FA2254F3F40007F4F53 /* View */,
				E2137FA6254F3F60007F4F53 /* Interactor */,
				E2137FA5254F3F57007F4F53 /* Presenter */,
				E2137FA7254F3F6C007F4F53 /* Entity */,
				E2137FA3254F3F46007F4F53 /* Coordinator */,
			);
			path = Authentication;
			sourceTree = "<group>";
		};
		E2137FA2254F3F40007F4F53 /* View */ = {
			isa = PBXGroup;
			children = (
				E2137FA9254F4090007F4F53 /* View */,
				E2137FAA254F4097007F4F53 /* ViewController */,
			);
			path = View;
			sourceTree = "<group>";
		};
		E2137FA3254F3F46007F4F53 /* Coordinator */ = {
			isa = PBXGroup;
			children = (
				791461C226171F4E00EA9AB5 /* AuthenticationCoordinator.swift */,
				791461C7261720BA00EA9AB5 /* AuthenticationBuilder.swift */,
			);
			path = Coordinator;
			sourceTree = "<group>";
		};
		E2137FA4254F3F4D007F4F53 /* Protocols */ = {
			isa = PBXGroup;
			children = (
				E2137FAB254F4108007F4F53 /* AuthenticationProtocols.swift */,
				E2DD96DE2551A52200A89A04 /* RegisterProtocols.swift */,
			);
			path = Protocols;
			sourceTree = "<group>";
		};
		E2137FA5254F3F57007F4F53 /* Presenter */ = {
			isa = PBXGroup;
			children = (
				E2DD96CE25519D3500A89A04 /* AutheticationPresenter.swift */,
				E2DD96E82551A96800A89A04 /* RegisterPresenter.swift */,
			);
			path = Presenter;
			sourceTree = "<group>";
		};
		E2137FA6254F3F60007F4F53 /* Interactor */ = {
			isa = PBXGroup;
			children = (
				E202117B2550B2EC00790DA9 /* AuthenticationInteractor.swift */,
				E2DD96E32551A66E00A89A04 /* RegisterInteractor.swift */,
			);
			path = Interactor;
			sourceTree = "<group>";
		};
		E2137FA7254F3F6C007F4F53 /* Entity */ = {
			isa = PBXGroup;
			children = (
				E202118D2550B55700790DA9 /* Member.swift */,
			);
			path = Entity;
			sourceTree = "<group>";
		};
		E2137FA9254F4090007F4F53 /* View */ = {
			isa = PBXGroup;
			children = (
				E2137FB0254F4204007F4F53 /* LoginView.swift */,
				E20211652550A0E100790DA9 /* RegisterView.swift */,
			);
			path = View;
			sourceTree = "<group>";
		};
		E2137FAA254F4097007F4F53 /* ViewController */ = {
			isa = PBXGroup;
			children = (
				E2137F70254F3118007F4F53 /* AuthenticationViewController.swift */,
				E202116A2550A21100790DA9 /* RegisterViewController.swift */,
			);
			path = ViewController;
			sourceTree = "<group>";
		};
		E2194786255B58680013E942 /* ImagePicker */ = {
			isa = PBXGroup;
			children = (
				E2194787255B587A0013E942 /* ImagePickerManager.swift */,
				E219478C255B592B0013E942 /* StringHelper.swift */,
			);
			path = ImagePicker;
			sourceTree = "<group>";
		};
		E21DF8EA26134EA00061AE3A /* ViewController */ = {
			isa = PBXGroup;
			children = (
				AC9D41D2255ACE5A00925819 /* ProfileViewController.swift */,
			);
			path = ViewController;
			sourceTree = "<group>";
		};
		E21DF8EE261350090061AE3A /* ImageConverter */ = {
			isa = PBXGroup;
			children = (
				E21DF8EF261350200061AE3A /* ImageConverter.swift */,
			);
			path = ImageConverter;
			sourceTree = "<group>";
		};
		E21DF90926152F3F0061AE3A /* Calendar */ = {
			isa = PBXGroup;
			children = (
				7914620C26187D2D00EA9AB5 /* Coordinator */,
				E21DF90A26152F580061AE3A /* View */,
				7965DC10263AA41B00BCF951 /* ViewModel */,
				E21DF90B26152F5E0061AE3A /* ViewController */,
				7965DC16263BDB9300BCF951 /* Model */,
			);
			path = Calendar;
			sourceTree = "<group>";
		};
		E21DF90A26152F580061AE3A /* View */ = {
			isa = PBXGroup;
			children = (
				E21DF9AE261BC2C10061AE3A /* Cells */,
				E21DF90C26152F730061AE3A /* CalendarView.swift */,
			);
			path = View;
			sourceTree = "<group>";
		};
		E21DF90B26152F5E0061AE3A /* ViewController */ = {
			isa = PBXGroup;
			children = (
				E21DF91126152F840061AE3A /* CalendarViewController.swift */,
			);
			path = ViewController;
			sourceTree = "<group>";
		};
		E21DF91626152FB70061AE3A /* ViewController */ = {
			isa = PBXGroup;
			children = (
				E21DF91726152FFA0061AE3A /* CustomViewController.swift */,
			);
			path = ViewController;
			sourceTree = "<group>";
		};
		E21DF9AE261BC2C10061AE3A /* Cells */ = {
			isa = PBXGroup;
			children = (
				E21DF9AF261BC2DB0061AE3A /* EventCell.swift */,
			);
			path = Cells;
			sourceTree = "<group>";
		};
		E29E87892636D00600401029 /* Event */ = {
			isa = PBXGroup;
			children = (
				E29E87992636D4B600401029 /* Coordinator */,
				E29E87972636D4A300401029 /* View */,
				E29E87982636D4AC00401029 /* ViewController */,
				E29E87CD2638AE7000401029 /* ViewModel */,
				E29E87C42638A78F00401029 /* Model */,
			);
			path = Event;
			sourceTree = "<group>";
		};
		E29E87972636D4A300401029 /* View */ = {
			isa = PBXGroup;
			children = (
				E29E87F02638C7CF00401029 /* TableView */,
				E29E87E42638BE3C00401029 /* NewEventModalCells */,
				E29E87A22636D7DB00401029 /* NewEventCells */,
				E29E879A2636D4D100401029 /* NewEventView.swift */,
				E29E87DF2638BB1300401029 /* NewEventModalView.swift */,
			);
			path = View;
			sourceTree = "<group>";
		};
		E29E87982636D4AC00401029 /* ViewController */ = {
			isa = PBXGroup;
			children = (
				E29E87922636D42700401029 /* NewEventViewController.swift */,
			);
			path = ViewController;
			sourceTree = "<group>";
		};
		E29E87992636D4B600401029 /* Coordinator */ = {
			isa = PBXGroup;
			children = (
				E29E878D2636D3DB00401029 /* NewEventCoordinator.swift */,
			);
			path = Coordinator;
			sourceTree = "<group>";
		};
		E29E87A22636D7DB00401029 /* NewEventCells */ = {
			isa = PBXGroup;
			children = (
				E29E87BA26388FC500401029 /* TitleTableViewCell.swift */,
				E29E87BF263891A300401029 /* LocalTableViewCell.swift */,
				E29E87A32636D7F700401029 /* CategoryTableViewCell.swift */,
				E29E87AB263859F900401029 /* TimeTableViewCell.swift */,
				E29E87B026385C8C00401029 /* ResponsibleTableViewCell.swift */,
				E29E87B526385D9500401029 /* NotesTableViewCell.swift */,
			);
			path = NewEventCells;
			sourceTree = "<group>";
		};
		E29E87C42638A78F00401029 /* Model */ = {
			isa = PBXGroup;
			children = (
				E29E87C52638A7A800401029 /* EventModel.swift */,
			);
			path = Model;
			sourceTree = "<group>";
		};
		E29E87CD2638AE7000401029 /* ViewModel */ = {
			isa = PBXGroup;
			children = (
				E29E87CE2638AE8300401029 /* EventViewModel.swift */,
			);
			path = ViewModel;
			sourceTree = "<group>";
		};
		E29E87E42638BE3C00401029 /* NewEventModalCells */ = {
			isa = PBXGroup;
			children = (
				E29E87E52638BE8300401029 /* CategoryModalTableViewCell.swift */,
				E2F0E7862639A08100B55CE0 /* ResponsibleModalTableViewCell.swift */,
			);
			path = NewEventModalCells;
			sourceTree = "<group>";
		};
		E29E87F02638C7CF00401029 /* TableView */ = {
			isa = PBXGroup;
			children = (
				E29E87F12638C7E900401029 /* NewEventModalView+DD.swift */,
			);
			path = TableView;
			sourceTree = "<group>";
		};
		E2DC2ACA255CA03F008468E5 /* Enums */ = {
			isa = PBXGroup;
			children = (
				E2DC2ACB255CA054008468E5 /* MemberTypeEnum.swift */,
				E2C108BB2567F71D00CDB7FA /* ErrorMessages.swift */,
			);
			path = Enums;
			sourceTree = "<group>";
		};
		E2DC2AD0255CA8AD008468E5 /* Extensions */ = {
			isa = PBXGroup;
			children = (
				E2DC2AD1255CA8C8008468E5 /* UserDefaultsExtension.swift */,
				7933236B255DEA060011FC03 /* Notification+CustomName.swift */,
				79476232260F6C840044F1D0 /* UIViewController.swift */,
				79476237260F6EDB0044F1D0 /* UIViewControllerPreview.swift */,
				7914614E26145B0C00EA9AB5 /* ImageDecoder.swift */,
				E21DF9682615445B0061AE3A /* UIView+Extension.swift */,
				79848F442633058300D996B0 /* String.swift */,
			);
			path = Extensions;
			sourceTree = "<group>";
		};
		E2F1E553264817800011958B /* CustomButton */ = {
			isa = PBXGroup;
			children = (
				E2F1E554264817A70011958B /* CustomButton.swift */,
			);
			path = CustomButton;
			sourceTree = "<group>";
		};
/* End PBXGroup section */

/* Begin PBXNativeTarget section */
		E2137F68254F3118007F4F53 /* CaregiverProject */ = {
			isa = PBXNativeTarget;
			buildConfigurationList = E2137F93254F311A007F4F53 /* Build configuration list for PBXNativeTarget "CaregiverProject" */;
			buildPhases = (
				7B5942623652C5DEFA0532AA /* [CP] Check Pods Manifest.lock */,
				E2137F65254F3118007F4F53 /* Sources */,
				E2137F66254F3118007F4F53 /* Frameworks */,
				E2137F67254F3118007F4F53 /* Resources */,
				0FCAA4E8D3947DF1508B2F67 /* [CP] Embed Pods Frameworks */,
			);
			buildRules = (
			);
			dependencies = (
			);
			name = CaregiverProject;
			productName = CaregiverProject;
			productReference = E2137F69254F3118007F4F53 /* CaregiverProject.app */;
			productType = "com.apple.product-type.application";
		};
		E2137F7E254F311A007F4F53 /* CaregiverProjectTests */ = {
			isa = PBXNativeTarget;
			buildConfigurationList = E2137F96254F311A007F4F53 /* Build configuration list for PBXNativeTarget "CaregiverProjectTests" */;
			buildPhases = (
				19F57F747EEDC24EC2751CBB /* [CP] Check Pods Manifest.lock */,
				E2137F7B254F311A007F4F53 /* Sources */,
				E2137F7C254F311A007F4F53 /* Frameworks */,
				E2137F7D254F311A007F4F53 /* Resources */,
			);
			buildRules = (
			);
			dependencies = (
				E2137F81254F311A007F4F53 /* PBXTargetDependency */,
			);
			name = CaregiverProjectTests;
			productName = CaregiverProjectTests;
			productReference = E2137F7F254F311A007F4F53 /* CaregiverProjectTests.xctest */;
			productType = "com.apple.product-type.bundle.unit-test";
		};
		E2137F89254F311A007F4F53 /* CaregiverProjectUITests */ = {
			isa = PBXNativeTarget;
			buildConfigurationList = E2137F99254F311A007F4F53 /* Build configuration list for PBXNativeTarget "CaregiverProjectUITests" */;
			buildPhases = (
				8A57D803E6DF19D117E293F5 /* [CP] Check Pods Manifest.lock */,
				E2137F86254F311A007F4F53 /* Sources */,
				E2137F87254F311A007F4F53 /* Frameworks */,
				E2137F88254F311A007F4F53 /* Resources */,
				A7146498E7D5F712D37618A1 /* [CP] Embed Pods Frameworks */,
			);
			buildRules = (
			);
			dependencies = (
				E2137F8C254F311A007F4F53 /* PBXTargetDependency */,
			);
			name = CaregiverProjectUITests;
			productName = CaregiverProjectUITests;
			productReference = E2137F8A254F311A007F4F53 /* CaregiverProjectUITests.xctest */;
			productType = "com.apple.product-type.bundle.ui-testing";
		};
/* End PBXNativeTarget section */

/* Begin PBXProject section */
		E2137F61254F3118007F4F53 /* Project object */ = {
			isa = PBXProject;
			attributes = {
				LastSwiftUpdateCheck = 1210;
				LastUpgradeCheck = 1210;
				TargetAttributes = {
					E2137F68254F3118007F4F53 = {
						CreatedOnToolsVersion = 12.1;
					};
					E2137F7E254F311A007F4F53 = {
						CreatedOnToolsVersion = 12.1;
						TestTargetID = E2137F68254F3118007F4F53;
					};
					E2137F89254F311A007F4F53 = {
						CreatedOnToolsVersion = 12.1;
						TestTargetID = E2137F68254F3118007F4F53;
					};
				};
			};
			buildConfigurationList = E2137F64254F3118007F4F53 /* Build configuration list for PBXProject "CaregiverProject" */;
			compatibilityVersion = "Xcode 9.3";
			developmentRegion = en;
			hasScannedForEncodings = 0;
			knownRegions = (
				en,
				Base,
			);
			mainGroup = E2137F60254F3118007F4F53;
			productRefGroup = E2137F6A254F3118007F4F53 /* Products */;
			projectDirPath = "";
			projectRoot = "";
			targets = (
				E2137F68254F3118007F4F53 /* CaregiverProject */,
				E2137F7E254F311A007F4F53 /* CaregiverProjectTests */,
				E2137F89254F311A007F4F53 /* CaregiverProjectUITests */,
			);
		};
/* End PBXProject section */

/* Begin PBXResourcesBuildPhase section */
		E2137F67254F3118007F4F53 /* Resources */ = {
			isa = PBXResourcesBuildPhase;
			buildActionMask = 2147483647;
			files = (
				E2137F79254F311A007F4F53 /* LaunchScreen.storyboard in Resources */,
				E2137FD5255092E1007F4F53 /* GoogleService-Info.plist in Resources */,
				E2137F76254F311A007F4F53 /* Assets.xcassets in Resources */,
				E2137F74254F3118007F4F53 /* Main.storyboard in Resources */,
			);
			runOnlyForDeploymentPostprocessing = 0;
		};
		E2137F7D254F311A007F4F53 /* Resources */ = {
			isa = PBXResourcesBuildPhase;
			buildActionMask = 2147483647;
			files = (
			);
			runOnlyForDeploymentPostprocessing = 0;
		};
		E2137F88254F311A007F4F53 /* Resources */ = {
			isa = PBXResourcesBuildPhase;
			buildActionMask = 2147483647;
			files = (
			);
			runOnlyForDeploymentPostprocessing = 0;
		};
/* End PBXResourcesBuildPhase section */

/* Begin PBXShellScriptBuildPhase section */
		0FCAA4E8D3947DF1508B2F67 /* [CP] Embed Pods Frameworks */ = {
			isa = PBXShellScriptBuildPhase;
			buildActionMask = 2147483647;
			files = (
			);
			inputFileListPaths = (
				"${PODS_ROOT}/Target Support Files/Pods-CaregiverProject/Pods-CaregiverProject-frameworks-${CONFIGURATION}-input-files.xcfilelist",
			);
			name = "[CP] Embed Pods Frameworks";
			outputFileListPaths = (
				"${PODS_ROOT}/Target Support Files/Pods-CaregiverProject/Pods-CaregiverProject-frameworks-${CONFIGURATION}-output-files.xcfilelist",
			);
			runOnlyForDeploymentPostprocessing = 0;
			shellPath = /bin/sh;
			shellScript = "\"${PODS_ROOT}/Target Support Files/Pods-CaregiverProject/Pods-CaregiverProject-frameworks.sh\"\n";
			showEnvVarsInLog = 0;
		};
		19F57F747EEDC24EC2751CBB /* [CP] Check Pods Manifest.lock */ = {
			isa = PBXShellScriptBuildPhase;
			buildActionMask = 2147483647;
			files = (
			);
			inputFileListPaths = (
			);
			inputPaths = (
				"${PODS_PODFILE_DIR_PATH}/Podfile.lock",
				"${PODS_ROOT}/Manifest.lock",
			);
			name = "[CP] Check Pods Manifest.lock";
			outputFileListPaths = (
			);
			outputPaths = (
				"$(DERIVED_FILE_DIR)/Pods-CaregiverProjectTests-checkManifestLockResult.txt",
			);
			runOnlyForDeploymentPostprocessing = 0;
			shellPath = /bin/sh;
			shellScript = "diff \"${PODS_PODFILE_DIR_PATH}/Podfile.lock\" \"${PODS_ROOT}/Manifest.lock\" > /dev/null\nif [ $? != 0 ] ; then\n    # print error to STDERR\n    echo \"error: The sandbox is not in sync with the Podfile.lock. Run 'pod install' or update your CocoaPods installation.\" >&2\n    exit 1\nfi\n# This output is used by Xcode 'outputs' to avoid re-running this script phase.\necho \"SUCCESS\" > \"${SCRIPT_OUTPUT_FILE_0}\"\n";
			showEnvVarsInLog = 0;
		};
		7B5942623652C5DEFA0532AA /* [CP] Check Pods Manifest.lock */ = {
			isa = PBXShellScriptBuildPhase;
			buildActionMask = 2147483647;
			files = (
			);
			inputFileListPaths = (
			);
			inputPaths = (
				"${PODS_PODFILE_DIR_PATH}/Podfile.lock",
				"${PODS_ROOT}/Manifest.lock",
			);
			name = "[CP] Check Pods Manifest.lock";
			outputFileListPaths = (
			);
			outputPaths = (
				"$(DERIVED_FILE_DIR)/Pods-CaregiverProject-checkManifestLockResult.txt",
			);
			runOnlyForDeploymentPostprocessing = 0;
			shellPath = /bin/sh;
			shellScript = "diff \"${PODS_PODFILE_DIR_PATH}/Podfile.lock\" \"${PODS_ROOT}/Manifest.lock\" > /dev/null\nif [ $? != 0 ] ; then\n    # print error to STDERR\n    echo \"error: The sandbox is not in sync with the Podfile.lock. Run 'pod install' or update your CocoaPods installation.\" >&2\n    exit 1\nfi\n# This output is used by Xcode 'outputs' to avoid re-running this script phase.\necho \"SUCCESS\" > \"${SCRIPT_OUTPUT_FILE_0}\"\n";
			showEnvVarsInLog = 0;
		};
		8A57D803E6DF19D117E293F5 /* [CP] Check Pods Manifest.lock */ = {
			isa = PBXShellScriptBuildPhase;
			buildActionMask = 2147483647;
			files = (
			);
			inputFileListPaths = (
			);
			inputPaths = (
				"${PODS_PODFILE_DIR_PATH}/Podfile.lock",
				"${PODS_ROOT}/Manifest.lock",
			);
			name = "[CP] Check Pods Manifest.lock";
			outputFileListPaths = (
			);
			outputPaths = (
				"$(DERIVED_FILE_DIR)/Pods-CaregiverProject-CaregiverProjectUITests-checkManifestLockResult.txt",
			);
			runOnlyForDeploymentPostprocessing = 0;
			shellPath = /bin/sh;
			shellScript = "diff \"${PODS_PODFILE_DIR_PATH}/Podfile.lock\" \"${PODS_ROOT}/Manifest.lock\" > /dev/null\nif [ $? != 0 ] ; then\n    # print error to STDERR\n    echo \"error: The sandbox is not in sync with the Podfile.lock. Run 'pod install' or update your CocoaPods installation.\" >&2\n    exit 1\nfi\n# This output is used by Xcode 'outputs' to avoid re-running this script phase.\necho \"SUCCESS\" > \"${SCRIPT_OUTPUT_FILE_0}\"\n";
			showEnvVarsInLog = 0;
		};
		A7146498E7D5F712D37618A1 /* [CP] Embed Pods Frameworks */ = {
			isa = PBXShellScriptBuildPhase;
			buildActionMask = 2147483647;
			files = (
			);
			inputFileListPaths = (
				"${PODS_ROOT}/Target Support Files/Pods-CaregiverProject-CaregiverProjectUITests/Pods-CaregiverProject-CaregiverProjectUITests-frameworks-${CONFIGURATION}-input-files.xcfilelist",
			);
			name = "[CP] Embed Pods Frameworks";
			outputFileListPaths = (
				"${PODS_ROOT}/Target Support Files/Pods-CaregiverProject-CaregiverProjectUITests/Pods-CaregiverProject-CaregiverProjectUITests-frameworks-${CONFIGURATION}-output-files.xcfilelist",
			);
			runOnlyForDeploymentPostprocessing = 0;
			shellPath = /bin/sh;
			shellScript = "\"${PODS_ROOT}/Target Support Files/Pods-CaregiverProject-CaregiverProjectUITests/Pods-CaregiverProject-CaregiverProjectUITests-frameworks.sh\"\n";
			showEnvVarsInLog = 0;
		};
/* End PBXShellScriptBuildPhase section */

/* Begin PBXSourcesBuildPhase section */
		E2137F65254F3118007F4F53 /* Sources */ = {
			isa = PBXSourcesBuildPhase;
			buildActionMask = 2147483647;
			files = (
				7901CC632671DB1F00C29D87 /* LoginView.swift in Sources */,
				7901CC642671DB1F00C29D87 /* SceneDelegate.swift in Sources */,
				7901CC622671DACF00C29D87 /* AuthenticationInteractor.swift in Sources */,
				7901CC612671DA7E00C29D87 /* FamilyBuilder.swift in Sources */,
				7914614A26145A1C00EA9AB5 /* Storable.swift in Sources */,
				E29E878E2636D3DB00401029 /* NewEventCoordinator.swift in Sources */,
				7914622426187DE700EA9AB5 /* ProfileBuilder.swift in Sources */,
				AC3873272552E1CB0084590D /* FamilyManageViewController.swift in Sources */,
				7904B48E255AB4C400D078F5 /* FamilyTreeView.swift in Sources */,
				E2DD96DF2551A52200A89A04 /* RegisterProtocols.swift in Sources */,
				ACF654C1261B48CA00A5FAC3 /* Task.swift in Sources */,
				E2194788255B587A0013E942 /* ImagePickerManager.swift in Sources */,
				AC9D41C7255AC92600925819 /* ProfileModel.swift in Sources */,
				E2137F71254F3118007F4F53 /* AuthenticationViewController.swift in Sources */,
				E202115825509B7300790DA9 /* StartFamilyView.swift in Sources */,
				E21DF91226152F840061AE3A /* CalendarViewController.swift in Sources */,
				7914621626187D8D00EA9AB5 /* CalendarBuilder.swift in Sources */,
				E2DD96E42551A66E00A89A04 /* RegisterInteractor.swift in Sources */,
				AC0F44E0261E451700710BC0 /* TaskCreateView+DD.swift in Sources */,
				7947621D260F310F0044F1D0 /* FamilyTreeViewModel.swift in Sources */,
				7965DC12263AA43600BCF951 /* CalendarViewModel.swift in Sources */,
				E2DD96E92551A96800A89A04 /* RegisterPresenter.swift in Sources */,
				E29E87AC263859F900401029 /* TimeTableViewCell.swift in Sources */,
				79960FCE255CB71900A01D85 /* FamilyTreeHeaderView.swift in Sources */,
				7914614F26145B0C00EA9AB5 /* ImageDecoder.swift in Sources */,
				E29E87BB26388FC500401029 /* TitleTableViewCell.swift in Sources */,
				79146162261476E700EA9AB5 /* FamilyManageViewModel.swift in Sources */,
				AC3D57612552D8140013D470 /* Metrics.swift in Sources */,
				ACF654CA261B497900A5FAC3 /* TaskCell.swift in Sources */,
				E2DC2AD2255CA8C8008468E5 /* UserDefaultsExtension.swift in Sources */,
				791461C326171F4E00EA9AB5 /* AuthenticationCoordinator.swift in Sources */,
				E29E87C62638A7A800401029 /* EventModel.swift in Sources */,
				7914620E26187D3D00EA9AB5 /* CalendarCoodinator.swift in Sources */,
				7914615726146EDD00EA9AB5 /* DataManager.swift in Sources */,
				AC9D41B8255AC8EF00925819 /* ProfileView.swift in Sources */,
				AC38732F2552E8190084590D /* CRUDOperations.swift in Sources */,
				ACF654B1261B469D00A5FAC3 /* ActivityView.swift in Sources */,
				E20211772550AC4D00790DA9 /* StartFamilyViewController.swift in Sources */,
				E2DC2ACC255CA054008468E5 /* MemberTypeEnum.swift in Sources */,
				E29E87E62638BE8300401029 /* CategoryModalTableViewCell.swift in Sources */,
				E29E87B126385C8C00401029 /* ResponsibleTableViewCell.swift in Sources */,
				E29E87B626385D9500401029 /* NotesTableViewCell.swift in Sources */,
				791462292619BBDD00EA9AB5 /* AppCoordinator.swift in Sources */,
				791461A42617163A00EA9AB5 /* MainCoordinator.swift in Sources */,
				E2137FAC254F4108007F4F53 /* AuthenticationProtocols.swift in Sources */,
				E2DD96CF25519D3500A89A04 /* AutheticationPresenter.swift in Sources */,
				E202116B2550A21100790DA9 /* RegisterViewController.swift in Sources */,
				E20211662550A0E100790DA9 /* RegisterView.swift in Sources */,
				791461C8261720BA00EA9AB5 /* AuthenticationBuilder.swift in Sources */,
				E20211832550B35900790DA9 /* ViewCodeProtocol.swift in Sources */,
				E29E87A42636D7F700401029 /* CategoryTableViewCell.swift in Sources */,
				E219478D255B592B0013E942 /* StringHelper.swift in Sources */,
				E2C108BC2567F71D00CDB7FA /* ErrorMessages.swift in Sources */,
				AC3D574E2552D41D0013D470 /* Family.swift in Sources */,
				AC9D41D3255ACE5A00925819 /* ProfileViewController.swift in Sources */,
				79476233260F6C840044F1D0 /* UIViewController.swift in Sources */,
				AC29293C25544E0600C26FE1 /* ManageState.swift in Sources */,
				AC9D41CC255ACD5200925819 /* Kinship.swift in Sources */,
				7904B49E255AD74A00D078F5 /* FamilyTreeViewController.swift in Sources */,
				E2137F6D254F3118007F4F53 /* AppDelegate.swift in Sources */,
				AC0F44ED261F81E900710BC0 /* ActivityViewModel.swift in Sources */,
				7904B4A3255ADF2800D078F5 /* FamilyTreeDataSource.swift in Sources */,
				E29E87932636D42700401029 /* NewEventViewController.swift in Sources */,
				E21DF8F0261350200061AE3A /* ImageConverter.swift in Sources */,
				AC7C029F2554AD71002FE9DD /* UserSession.swift in Sources */,
				791461DC2617367800EA9AB5 /* GroupManagementCoordinator.swift in Sources */,
				E2F1E555264817A70011958B /* CustomButton.swift in Sources */,
				E29E87C0263891A300401029 /* LocalTableViewCell.swift in Sources */,
				E202118E2550B55700790DA9 /* Member.swift in Sources */,
				AC0F44E5261E45EC00710BC0 /* CreateTaskCell.swift in Sources */,
				E29E87F22638C7E900401029 /* NewEventModalView+DD.swift in Sources */,
				79146142261458DB00EA9AB5 /* FamilyDataManager.swift in Sources */,
				AC9D6243261D1EB600EE730B /* Date.swift in Sources */,
				79960FC9255C3ECD00A01D85 /* AppUtility.swift in Sources */,
				7914621C26187DC600EA9AB5 /* ProfileCoordinator.swift in Sources */,
				E29E87E02638BB1300401029 /* NewEventModalView.swift in Sources */,
				7914619F2617100100EA9AB5 /* Coordinator.swift in Sources */,
				79476238260F6EDB0044F1D0 /* UIViewControllerPreview.swift in Sources */,
				AC0F44D8261E3AA100710BC0 /* TaskCreateView.swift in Sources */,
				E29E879B2636D4D100401029 /* NewEventView.swift in Sources */,
				7904B499255ABC9D00D078F5 /* FamilyTreeCell.swift in Sources */,
				DD9D5E81264051C5008C532A /* LaunchCoordinator.swift in Sources */,
				DD9D5E6426403474008C532A /* LaunchScreenView.swift in Sources */,
				E21DF9B0261BC2DB0061AE3A /* EventCell.swift in Sources */,
				793E7395262EF2E400941ED7 /* MainTabBarController.swift in Sources */,
				79848F082630A38A00D996B0 /* TableViewDelegate.swift in Sources */,
				79848F0326309A6500D996B0 /* TextFieldDelegate.swift in Sources */,
				7965DC18263BDBB600BCF951 /* Wrapper.swift in Sources */,
				7914620526187BF200EA9AB5 /* FamilyCoordinator.swift in Sources */,
				E2F0E7872639A08100B55CE0 /* ResponsibleModalTableViewCell.swift in Sources */,
				E21DF90D26152F730061AE3A /* CalendarView.swift in Sources */,
				ACC22E66261B4EEE002A9722 /* ActivityViewController.swift in Sources */,
				E29E87CF2638AE8300401029 /* EventViewModel.swift in Sources */,
				ACEF1C14255425CF00346B67 /* EntityTypes.swift in Sources */,
				79848F452633058300D996B0 /* String.swift in Sources */,
				791461E526173F5400EA9AB5 /* GroupManagementBuilder.swift in Sources */,
				ACC22E6B261B5505002A9722 /* ActivityView+DD.swift in Sources */,
				79960FE8255D84ED00A01D85 /* FamilyTabBarControllerDelegate.swift in Sources */,
				E21DF9692615445B0061AE3A /* UIView+Extension.swift in Sources */,
				E21DF91826152FFA0061AE3A /* CustomViewController.swift in Sources */,
				7933236C255DEA060011FC03 /* Notification+CustomName.swift in Sources */,
				E2C108C42568036300CDB7FA /* ErrorHandler.swift in Sources */,
				DD9D5E74264034E9008C532A /* LaunchScreenController.swift in Sources */,
				AC9D41BD255AC90400925819 /* ProfileViewModel.swift in Sources */,
				AC38732D2552E5580084590D /* FamilyManageView.swift in Sources */,
			);
			runOnlyForDeploymentPostprocessing = 0;
		};
		E2137F7B254F311A007F4F53 /* Sources */ = {
			isa = PBXSourcesBuildPhase;
			buildActionMask = 2147483647;
			files = (
				E2137F84254F311A007F4F53 /* CaregiverProjectTests.swift in Sources */,
			);
			runOnlyForDeploymentPostprocessing = 0;
		};
		E2137F86254F311A007F4F53 /* Sources */ = {
			isa = PBXSourcesBuildPhase;
			buildActionMask = 2147483647;
			files = (
				E2137F8F254F311A007F4F53 /* CaregiverProjectUITests.swift in Sources */,
			);
			runOnlyForDeploymentPostprocessing = 0;
		};
/* End PBXSourcesBuildPhase section */

/* Begin PBXTargetDependency section */
		E2137F81254F311A007F4F53 /* PBXTargetDependency */ = {
			isa = PBXTargetDependency;
			target = E2137F68254F3118007F4F53 /* CaregiverProject */;
			targetProxy = E2137F80254F311A007F4F53 /* PBXContainerItemProxy */;
		};
		E2137F8C254F311A007F4F53 /* PBXTargetDependency */ = {
			isa = PBXTargetDependency;
			target = E2137F68254F3118007F4F53 /* CaregiverProject */;
			targetProxy = E2137F8B254F311A007F4F53 /* PBXContainerItemProxy */;
		};
/* End PBXTargetDependency section */

/* Begin PBXVariantGroup section */
		E2137F72254F3118007F4F53 /* Main.storyboard */ = {
			isa = PBXVariantGroup;
			children = (
				E2137F73254F3118007F4F53 /* Base */,
			);
			name = Main.storyboard;
			sourceTree = "<group>";
		};
		E2137F77254F311A007F4F53 /* LaunchScreen.storyboard */ = {
			isa = PBXVariantGroup;
			children = (
				E2137F78254F311A007F4F53 /* Base */,
			);
			name = LaunchScreen.storyboard;
			sourceTree = "<group>";
		};
/* End PBXVariantGroup section */

/* Begin XCBuildConfiguration section */
		E2137F91254F311A007F4F53 /* Debug */ = {
			isa = XCBuildConfiguration;
			buildSettings = {
				ALWAYS_SEARCH_USER_PATHS = NO;
				CLANG_ANALYZER_NONNULL = YES;
				CLANG_ANALYZER_NUMBER_OBJECT_CONVERSION = YES_AGGRESSIVE;
				CLANG_CXX_LANGUAGE_STANDARD = "gnu++14";
				CLANG_CXX_LIBRARY = "libc++";
				CLANG_ENABLE_MODULES = YES;
				CLANG_ENABLE_OBJC_ARC = YES;
				CLANG_ENABLE_OBJC_WEAK = YES;
				CLANG_WARN_BLOCK_CAPTURE_AUTORELEASING = YES;
				CLANG_WARN_BOOL_CONVERSION = YES;
				CLANG_WARN_COMMA = YES;
				CLANG_WARN_CONSTANT_CONVERSION = YES;
				CLANG_WARN_DEPRECATED_OBJC_IMPLEMENTATIONS = YES;
				CLANG_WARN_DIRECT_OBJC_ISA_USAGE = YES_ERROR;
				CLANG_WARN_DOCUMENTATION_COMMENTS = YES;
				CLANG_WARN_EMPTY_BODY = YES;
				CLANG_WARN_ENUM_CONVERSION = YES;
				CLANG_WARN_INFINITE_RECURSION = YES;
				CLANG_WARN_INT_CONVERSION = YES;
				CLANG_WARN_NON_LITERAL_NULL_CONVERSION = YES;
				CLANG_WARN_OBJC_IMPLICIT_RETAIN_SELF = YES;
				CLANG_WARN_OBJC_LITERAL_CONVERSION = YES;
				CLANG_WARN_OBJC_ROOT_CLASS = YES_ERROR;
				CLANG_WARN_QUOTED_INCLUDE_IN_FRAMEWORK_HEADER = YES;
				CLANG_WARN_RANGE_LOOP_ANALYSIS = YES;
				CLANG_WARN_STRICT_PROTOTYPES = YES;
				CLANG_WARN_SUSPICIOUS_MOVE = YES;
				CLANG_WARN_UNGUARDED_AVAILABILITY = YES_AGGRESSIVE;
				CLANG_WARN_UNREACHABLE_CODE = YES;
				CLANG_WARN__DUPLICATE_METHOD_MATCH = YES;
				COPY_PHASE_STRIP = NO;
				DEBUG_INFORMATION_FORMAT = dwarf;
				ENABLE_STRICT_OBJC_MSGSEND = YES;
				ENABLE_TESTABILITY = YES;
				GCC_C_LANGUAGE_STANDARD = gnu11;
				GCC_DYNAMIC_NO_PIC = NO;
				GCC_NO_COMMON_BLOCKS = YES;
				GCC_OPTIMIZATION_LEVEL = 0;
				GCC_PREPROCESSOR_DEFINITIONS = (
					"DEBUG=1",
					"$(inherited)",
				);
				GCC_WARN_64_TO_32_BIT_CONVERSION = YES;
				GCC_WARN_ABOUT_RETURN_TYPE = YES_ERROR;
				GCC_WARN_UNDECLARED_SELECTOR = YES;
				GCC_WARN_UNINITIALIZED_AUTOS = YES_AGGRESSIVE;
				GCC_WARN_UNUSED_FUNCTION = YES;
				GCC_WARN_UNUSED_VARIABLE = YES;
				IPHONEOS_DEPLOYMENT_TARGET = 14.1;
				MTL_ENABLE_DEBUG_INFO = INCLUDE_SOURCE;
				MTL_FAST_MATH = YES;
				ONLY_ACTIVE_ARCH = YES;
				SDKROOT = iphoneos;
				SWIFT_ACTIVE_COMPILATION_CONDITIONS = DEBUG;
				SWIFT_OPTIMIZATION_LEVEL = "-Onone";
			};
			name = Debug;
		};
		E2137F92254F311A007F4F53 /* Release */ = {
			isa = XCBuildConfiguration;
			buildSettings = {
				ALWAYS_SEARCH_USER_PATHS = NO;
				CLANG_ANALYZER_NONNULL = YES;
				CLANG_ANALYZER_NUMBER_OBJECT_CONVERSION = YES_AGGRESSIVE;
				CLANG_CXX_LANGUAGE_STANDARD = "gnu++14";
				CLANG_CXX_LIBRARY = "libc++";
				CLANG_ENABLE_MODULES = YES;
				CLANG_ENABLE_OBJC_ARC = YES;
				CLANG_ENABLE_OBJC_WEAK = YES;
				CLANG_WARN_BLOCK_CAPTURE_AUTORELEASING = YES;
				CLANG_WARN_BOOL_CONVERSION = YES;
				CLANG_WARN_COMMA = YES;
				CLANG_WARN_CONSTANT_CONVERSION = YES;
				CLANG_WARN_DEPRECATED_OBJC_IMPLEMENTATIONS = YES;
				CLANG_WARN_DIRECT_OBJC_ISA_USAGE = YES_ERROR;
				CLANG_WARN_DOCUMENTATION_COMMENTS = YES;
				CLANG_WARN_EMPTY_BODY = YES;
				CLANG_WARN_ENUM_CONVERSION = YES;
				CLANG_WARN_INFINITE_RECURSION = YES;
				CLANG_WARN_INT_CONVERSION = YES;
				CLANG_WARN_NON_LITERAL_NULL_CONVERSION = YES;
				CLANG_WARN_OBJC_IMPLICIT_RETAIN_SELF = YES;
				CLANG_WARN_OBJC_LITERAL_CONVERSION = YES;
				CLANG_WARN_OBJC_ROOT_CLASS = YES_ERROR;
				CLANG_WARN_QUOTED_INCLUDE_IN_FRAMEWORK_HEADER = YES;
				CLANG_WARN_RANGE_LOOP_ANALYSIS = YES;
				CLANG_WARN_STRICT_PROTOTYPES = YES;
				CLANG_WARN_SUSPICIOUS_MOVE = YES;
				CLANG_WARN_UNGUARDED_AVAILABILITY = YES_AGGRESSIVE;
				CLANG_WARN_UNREACHABLE_CODE = YES;
				CLANG_WARN__DUPLICATE_METHOD_MATCH = YES;
				COPY_PHASE_STRIP = NO;
				DEBUG_INFORMATION_FORMAT = "dwarf-with-dsym";
				ENABLE_NS_ASSERTIONS = NO;
				ENABLE_STRICT_OBJC_MSGSEND = YES;
				GCC_C_LANGUAGE_STANDARD = gnu11;
				GCC_NO_COMMON_BLOCKS = YES;
				GCC_WARN_64_TO_32_BIT_CONVERSION = YES;
				GCC_WARN_ABOUT_RETURN_TYPE = YES_ERROR;
				GCC_WARN_UNDECLARED_SELECTOR = YES;
				GCC_WARN_UNINITIALIZED_AUTOS = YES_AGGRESSIVE;
				GCC_WARN_UNUSED_FUNCTION = YES;
				GCC_WARN_UNUSED_VARIABLE = YES;
				IPHONEOS_DEPLOYMENT_TARGET = 14.1;
				MTL_ENABLE_DEBUG_INFO = NO;
				MTL_FAST_MATH = YES;
				SDKROOT = iphoneos;
				SWIFT_COMPILATION_MODE = wholemodule;
				SWIFT_OPTIMIZATION_LEVEL = "-O";
				VALIDATE_PRODUCT = YES;
			};
			name = Release;
		};
		E2137F94254F311A007F4F53 /* Debug */ = {
			isa = XCBuildConfiguration;
			baseConfigurationReference = 47C80A20382529E371843CE0 /* Pods-CaregiverProject.debug.xcconfig */;
			buildSettings = {
				ASSETCATALOG_COMPILER_APPICON_NAME = AppIcon;
				ASSETCATALOG_COMPILER_GLOBAL_ACCENT_COLOR_NAME = AccentColor;
				CODE_SIGN_ENTITLEMENTS = CaregiverProject/CaregiverProject.entitlements;
				CODE_SIGN_STYLE = Automatic;
				DEVELOPMENT_TEAM = BY575KUK4V;
				INFOPLIST_FILE = CaregiverProject/Info.plist;
				LD_RUNPATH_SEARCH_PATHS = (
					"$(inherited)",
					"@executable_path/Frameworks",
				);
				MARKETING_VERSION = 0.1.0;
				PRODUCT_BUNDLE_IDENTIFIER = com.UCB.TCC.CaregiverProject2;
				PRODUCT_NAME = "$(TARGET_NAME)";
				SWIFT_VERSION = 5.0;
				TARGETED_DEVICE_FAMILY = 1;
			};
			name = Debug;
		};
		E2137F95254F311A007F4F53 /* Release */ = {
			isa = XCBuildConfiguration;
			baseConfigurationReference = 4FB3CD3D193C60F1CB5A1687 /* Pods-CaregiverProject.release.xcconfig */;
			buildSettings = {
				ASSETCATALOG_COMPILER_APPICON_NAME = AppIcon;
				ASSETCATALOG_COMPILER_GLOBAL_ACCENT_COLOR_NAME = AccentColor;
				CODE_SIGN_ENTITLEMENTS = CaregiverProject/CaregiverProject.entitlements;
				CODE_SIGN_STYLE = Automatic;
				DEVELOPMENT_TEAM = BY575KUK4V;
				INFOPLIST_FILE = CaregiverProject/Info.plist;
				LD_RUNPATH_SEARCH_PATHS = (
					"$(inherited)",
					"@executable_path/Frameworks",
				);
				MARKETING_VERSION = 0.1.0;
				PRODUCT_BUNDLE_IDENTIFIER = com.UCB.TCC.CaregiverProject2;
				PRODUCT_NAME = "$(TARGET_NAME)";
				SWIFT_VERSION = 5.0;
				TARGETED_DEVICE_FAMILY = 1;
			};
			name = Release;
		};
		E2137F97254F311A007F4F53 /* Debug */ = {
			isa = XCBuildConfiguration;
			baseConfigurationReference = D2D0AC7856CD11223D8A9F5A /* Pods-CaregiverProjectTests.debug.xcconfig */;
			buildSettings = {
				ALWAYS_EMBED_SWIFT_STANDARD_LIBRARIES = YES;
				BUNDLE_LOADER = "$(TEST_HOST)";
				CODE_SIGN_STYLE = Automatic;
				INFOPLIST_FILE = CaregiverProjectTests/Info.plist;
				IPHONEOS_DEPLOYMENT_TARGET = 14.1;
				LD_RUNPATH_SEARCH_PATHS = (
					"$(inherited)",
					"@executable_path/Frameworks",
					"@loader_path/Frameworks",
				);
				PRODUCT_BUNDLE_IDENTIFIER = com.UCB.TCC.CaregiverProjectTests;
				PRODUCT_NAME = "$(TARGET_NAME)";
				SWIFT_VERSION = 5.0;
				TARGETED_DEVICE_FAMILY = "1,2";
				TEST_HOST = "$(BUILT_PRODUCTS_DIR)/CaregiverProject.app/CaregiverProject";
			};
			name = Debug;
		};
		E2137F98254F311A007F4F53 /* Release */ = {
			isa = XCBuildConfiguration;
			baseConfigurationReference = D1B145D0DA6BFC2D85279B9D /* Pods-CaregiverProjectTests.release.xcconfig */;
			buildSettings = {
				ALWAYS_EMBED_SWIFT_STANDARD_LIBRARIES = YES;
				BUNDLE_LOADER = "$(TEST_HOST)";
				CODE_SIGN_STYLE = Automatic;
				INFOPLIST_FILE = CaregiverProjectTests/Info.plist;
				IPHONEOS_DEPLOYMENT_TARGET = 14.1;
				LD_RUNPATH_SEARCH_PATHS = (
					"$(inherited)",
					"@executable_path/Frameworks",
					"@loader_path/Frameworks",
				);
				PRODUCT_BUNDLE_IDENTIFIER = com.UCB.TCC.CaregiverProjectTests;
				PRODUCT_NAME = "$(TARGET_NAME)";
				SWIFT_VERSION = 5.0;
				TARGETED_DEVICE_FAMILY = "1,2";
				TEST_HOST = "$(BUILT_PRODUCTS_DIR)/CaregiverProject.app/CaregiverProject";
			};
			name = Release;
		};
		E2137F9A254F311A007F4F53 /* Debug */ = {
			isa = XCBuildConfiguration;
			baseConfigurationReference = 22275667DF54DCCEE774481E /* Pods-CaregiverProject-CaregiverProjectUITests.debug.xcconfig */;
			buildSettings = {
				ALWAYS_EMBED_SWIFT_STANDARD_LIBRARIES = YES;
				CODE_SIGN_STYLE = Automatic;
				INFOPLIST_FILE = CaregiverProjectUITests/Info.plist;
				LD_RUNPATH_SEARCH_PATHS = (
					"$(inherited)",
					"@executable_path/Frameworks",
					"@loader_path/Frameworks",
				);
				PRODUCT_BUNDLE_IDENTIFIER = com.UCB.TCC.CaregiverProjectUITests;
				PRODUCT_NAME = "$(TARGET_NAME)";
				SWIFT_VERSION = 5.0;
				TARGETED_DEVICE_FAMILY = "1,2";
				TEST_TARGET_NAME = CaregiverProject;
			};
			name = Debug;
		};
		E2137F9B254F311A007F4F53 /* Release */ = {
			isa = XCBuildConfiguration;
			baseConfigurationReference = 86DE9F1CE1A3782774C72496 /* Pods-CaregiverProject-CaregiverProjectUITests.release.xcconfig */;
			buildSettings = {
				ALWAYS_EMBED_SWIFT_STANDARD_LIBRARIES = YES;
				CODE_SIGN_STYLE = Automatic;
				INFOPLIST_FILE = CaregiverProjectUITests/Info.plist;
				LD_RUNPATH_SEARCH_PATHS = (
					"$(inherited)",
					"@executable_path/Frameworks",
					"@loader_path/Frameworks",
				);
				PRODUCT_BUNDLE_IDENTIFIER = com.UCB.TCC.CaregiverProjectUITests;
				PRODUCT_NAME = "$(TARGET_NAME)";
				SWIFT_VERSION = 5.0;
				TARGETED_DEVICE_FAMILY = "1,2";
				TEST_TARGET_NAME = CaregiverProject;
			};
			name = Release;
		};
/* End XCBuildConfiguration section */

/* Begin XCConfigurationList section */
		E2137F64254F3118007F4F53 /* Build configuration list for PBXProject "CaregiverProject" */ = {
			isa = XCConfigurationList;
			buildConfigurations = (
				E2137F91254F311A007F4F53 /* Debug */,
				E2137F92254F311A007F4F53 /* Release */,
			);
			defaultConfigurationIsVisible = 0;
			defaultConfigurationName = Release;
		};
		E2137F93254F311A007F4F53 /* Build configuration list for PBXNativeTarget "CaregiverProject" */ = {
			isa = XCConfigurationList;
			buildConfigurations = (
				E2137F94254F311A007F4F53 /* Debug */,
				E2137F95254F311A007F4F53 /* Release */,
			);
			defaultConfigurationIsVisible = 0;
			defaultConfigurationName = Release;
		};
		E2137F96254F311A007F4F53 /* Build configuration list for PBXNativeTarget "CaregiverProjectTests" */ = {
			isa = XCConfigurationList;
			buildConfigurations = (
				E2137F97254F311A007F4F53 /* Debug */,
				E2137F98254F311A007F4F53 /* Release */,
			);
			defaultConfigurationIsVisible = 0;
			defaultConfigurationName = Release;
		};
		E2137F99254F311A007F4F53 /* Build configuration list for PBXNativeTarget "CaregiverProjectUITests" */ = {
			isa = XCConfigurationList;
			buildConfigurations = (
				E2137F9A254F311A007F4F53 /* Debug */,
				E2137F9B254F311A007F4F53 /* Release */,
			);
			defaultConfigurationIsVisible = 0;
			defaultConfigurationName = Release;
		};
/* End XCConfigurationList section */
	};
	rootObject = E2137F61254F3118007F4F53 /* Project object */;
}
